
Microsoft Visual Studio Solution File, Format Version 12.00
# Visual Studio Version 17
VisualStudioVersion = 17.12.35527.113
MinimumVisualStudioVersion = 10.0.40219.1
Project("{8BC9CEB8-8B4A-11D0-8D11-00A0C91BC942}") = "shaders", "shaders.vcxproj", "{2B7125D8-CAAA-4B9A-84C4-D6B7B70073A9}"
EndProject
Project("{2150E333-8FDC-42A3-9474-1A3956D46DE8}") = "hlsl", "hlsl", "{9BC3F847-2AA4-431A-8259-64A7D1AEBDA1}"
	ProjectSection(SolutionItems) = preProject
		hlsl\box_example_ps.hlsl = hlsl\box_example_ps.hlsl
		hlsl\box_example_vs.hlsl = hlsl\box_example_vs.hlsl
		hlsl\example_ps.hlsl = hlsl\example_ps.hlsl
		hlsl\example_vs.hlsl = hlsl\example_vs.hlsl
		shapes_example_ps.hlsl = shapes_example_ps.hlsl
		shapes_example_vs.hlsl = shapes_example_vs.hlsl
	EndProjectSection
EndProject
Project("{2150E333-8FDC-42A3-9474-1A3956D46DE8}") = "scripts", "scripts", "{B1EEEED6-3504-4D52-9CC4-C75FB49243F0}"
	ProjectSection(SolutionItems) = preProject
		scripts\compile_all_shaders.ps1 = scripts\compile_all_shaders.ps1
		scripts\compile_shader.ps1 = scripts\compile_shader.ps1
	EndProjectSection
EndProject
Global
	GlobalSection(SolutionConfigurationPlatforms) = preSolution
		Debug|x64 = Debug|x64
		Debug|x86 = Debug|x86
		Release|x64 = Release|x64
		Release|x86 = Release|x86
	EndGlobalSection
	GlobalSection(ProjectConfigurationPlatforms) = postSolution
		{2B7125D8-CAAA-4B9A-84C4-D6B7B70073A9}.Debug|x64.ActiveCfg = Debug|x64
		{2B7125D8-CAAA-4B9A-84C4-D6B7B70073A9}.Debug|x64.Build.0 = Debug|x64
		{2B7125D8-CAAA-4B9A-84C4-D6B7B70073A9}.Debug|x86.ActiveCfg = Debug|Win32
		{2B7125D8-CAAA-4B9A-84C4-D6B7B70073A9}.Debug|x86.Build.0 = Debug|Win32
		{2B7125D8-CAAA-4B9A-84C4-D6B7B70073A9}.Release|x64.ActiveCfg = Release|x64
		{2B7125D8-CAAA-4B9A-84C4-D6B7B70073A9}.Release|x64.Build.0 = Release|x64
		{2B7125D8-CAAA-4B9A-84C4-D6B7B70073A9}.Release|x86.ActiveCfg = Release|Win32
		{2B7125D8-CAAA-4B9A-84C4-D6B7B70073A9}.Release|x86.Build.0 = Release|Win32
	EndGlobalSection
	GlobalSection(SolutionProperties) = preSolution
		HideSolutionNode = FALSE
	EndGlobalSection
EndGlobal
