
Microsoft Visual Studio Solution File, Format Version 12.00
# Visual Studio Version 17
Project("{8BC9CEB8-8B4A-11D0-8D11-00A0C91BC942}") = "ALL_BUILD", "ALL_BUILD.vcxproj", "{A18FC62E-5B9F-3C2D-8C64-17F9F4C44CF8}"
	ProjectSection(ProjectDependencies) = postProject
		{301EC201-CFB1-39EC-9ECA-7997313C4E9F} = {301EC201-CFB1-39EC-9ECA-7997313C4E9F}
		{5FF5E734-C800-333C-AF3E-E7C80E68FC45} = {5FF5E734-C800-333C-AF3E-E7C80E68FC45}
		{A9E4C145-A79E-3081-B83B-D80F6E891214} = {A9E4C145-A79E-3081-B83B-D80F6E891214}
		{A43606A1-F800-3B8B-A3FB-DB11A4949B72} = {A43606A1-F800-3B8B-A3FB-DB11A4949B72}
		{0AAC637F-8F51-3C50-8DE7-76CD3F0EE088} = {0AAC637F-8F51-3C50-8DE7-76CD3F0EE088}
		{AD677765-4CF9-3299-B167-273A3962CA98} = {AD677765-4CF9-3299-B167-273A3962CA98}
		{D388379F-035E-3A94-8123-093142E85526} = {D388379F-035E-3A94-8123-093142E85526}
		{F75E9B74-F272-3C3C-8752-CD3DA18BE2E1} = {F75E9B74-F272-3C3C-8752-CD3DA18BE2E1}
		{BC699555-7295-32E8-872E-894EF2C0D22F} = {BC699555-7295-32E8-872E-894EF2C0D22F}
		{33E076A3-2454-3039-A849-1AE26940A586} = {33E076A3-2454-3039-A849-1AE26940A586}
		{20DBBA7B-26FB-359E-AF7C-1B56A54786FC} = {20DBBA7B-26FB-359E-AF7C-1B56A54786FC}
		{7A3B5F6E-4579-3E66-B3F8-5B57D6057EAD} = {7A3B5F6E-4579-3E66-B3F8-5B57D6057EAD}
		{77C8B3BB-FD61-3DA9-B1A9-1834344755E2} = {77C8B3BB-FD61-3DA9-B1A9-1834344755E2}
		{07AF656C-DEF3-3B64-AB3D-21AB9FA1CF78} = {07AF656C-DEF3-3B64-AB3D-21AB9FA1CF78}
		{669B5BA5-5624-36F3-BCBA-A783C8BD3E10} = {669B5BA5-5624-36F3-BCBA-A783C8BD3E10}
		{CB73411B-2463-3669-A7C8-76B09A2E910C} = {CB73411B-2463-3669-A7C8-76B09A2E910C}
		{C0719E6F-C659-3163-8AD8-CAA2F721D47B} = {C0719E6F-C659-3163-8AD8-CAA2F721D47B}
		{DBFA9FAA-B1AA-37AC-8BB3-7BF9620DC2E7} = {DBFA9FAA-B1AA-37AC-8BB3-7BF9620DC2E7}
		{7D79646F-D437-38C7-99AA-424A0781E1FD} = {7D79646F-D437-38C7-99AA-424A0781E1FD}
		{F823F9B5-FCA2-360D-BDFE-6ACBD5752433} = {F823F9B5-FCA2-360D-BDFE-6ACBD5752433}
		{FF9DC36F-2315-3116-841E-F47FDBB35DD4} = {FF9DC36F-2315-3116-841E-F47FDBB35DD4}
		{D6EFFD8F-D486-33E7-8A5F-4A10E1076A9A} = {D6EFFD8F-D486-33E7-8A5F-4A10E1076A9A}
		{266C376F-E96F-38BC-B82A-AC44D959285D} = {266C376F-E96F-38BC-B82A-AC44D959285D}
		{119F9A82-D51F-3386-B990-CF7DADC746AE} = {119F9A82-D51F-3386-B990-CF7DADC746AE}
		{C293F55C-C195-3956-9705-FAFF46D6B378} = {C293F55C-C195-3956-9705-FAFF46D6B378}
		{5F4C31F9-AF0C-3FB3-AA60-744105C16680} = {5F4C31F9-AF0C-3FB3-AA60-744105C16680}
		{73605A0C-B318-359D-94D8-00C2EB680FA3} = {73605A0C-B318-359D-94D8-00C2EB680FA3}
		{BF576261-C288-314F-8B05-3F273CDE87CB} = {BF576261-C288-314F-8B05-3F273CDE87CB}
		{320929E2-AF98-3431-968D-E960EAEDA202} = {320929E2-AF98-3431-968D-E960EAEDA202}
		{A34075FC-00FD-3F93-AEC4-B6E6A3709B61} = {A34075FC-00FD-3F93-AEC4-B6E6A3709B61}
		{0646AD54-E6E2-334E-B335-2B888ABDB54F} = {0646AD54-E6E2-334E-B335-2B888ABDB54F}
		{52E9377A-D2AA-39CE-8EA2-FBFAB1A8801D} = {52E9377A-D2AA-39CE-8EA2-FBFAB1A8801D}
		{5CD74DA5-F2C6-318F-975D-FE4E91B04D12} = {5CD74DA5-F2C6-318F-975D-FE4E91B04D12}
		{CF8262A1-CC53-3F56-AB60-EBB3689AD6D5} = {CF8262A1-CC53-3F56-AB60-EBB3689AD6D5}
		{6E8FB615-23D2-3199-B96A-AE7EB7B399C2} = {6E8FB615-23D2-3199-B96A-AE7EB7B399C2}
		{EAEF1CE3-5C96-3DD9-A92E-F9D78B90F86F} = {EAEF1CE3-5C96-3DD9-A92E-F9D78B90F86F}
		{2B20636D-2E5B-376E-B72A-7E55D348F0A7} = {2B20636D-2E5B-376E-B72A-7E55D348F0A7}
		{BD31E6C7-E5BA-3B93-A612-99D6494E31D1} = {BD31E6C7-E5BA-3B93-A612-99D6494E31D1}
		{892489DF-F1FF-3CF4-999B-2B4707900E19} = {892489DF-F1FF-3CF4-999B-2B4707900E19}
		{786B111A-8F25-3018-B657-034523E7A65A} = {786B111A-8F25-3018-B657-034523E7A65A}
		{6859A805-B17C-3039-8691-6C21E1A70434} = {6859A805-B17C-3039-8691-6C21E1A70434}
		{DC6E0623-7797-3E84-AC37-183A1EC0DBE0} = {DC6E0623-7797-3E84-AC37-183A1EC0DBE0}
		{7E448418-ADB4-3E9B-9055-0FE4CFD59646} = {7E448418-ADB4-3E9B-9055-0FE4CFD59646}
		{2CBC3511-8646-3068-A813-C76B86155EBD} = {2CBC3511-8646-3068-A813-C76B86155EBD}
		{3C172894-B255-3BB6-9190-A68CB6CB0933} = {3C172894-B255-3BB6-9190-A68CB6CB0933}
		{41376A66-7E37-39D6-946C-4445C632646E} = {41376A66-7E37-39D6-946C-4445C632646E}
		{40BA10D8-2490-30B8-BAE4-74ED5AE2F2B7} = {40BA10D8-2490-30B8-BAE4-74ED5AE2F2B7}
		{6B2D374D-E820-3D0C-BF3F-EB6C743C0AF5} = {6B2D374D-E820-3D0C-BF3F-EB6C743C0AF5}
		{7E112ACE-AE0A-3174-92EF-398657374974} = {7E112ACE-AE0A-3174-92EF-398657374974}
		{25CDD33E-882E-3965-B4EC-ADE3F9DDC1AB} = {25CDD33E-882E-3965-B4EC-ADE3F9DDC1AB}
		{E91A880D-58B8-306A-B768-A3C3C382BC0B} = {E91A880D-58B8-306A-B768-A3C3C382BC0B}
		{5636DC03-ABC9-3462-A248-05A07910C4CC} = {5636DC03-ABC9-3462-A248-05A07910C4CC}
		{7585D6AF-9936-32A7-B00B-17B6FA818EB0} = {7585D6AF-9936-32A7-B00B-17B6FA818EB0}
		{A9F0B9EC-40FD-3F8D-BD88-9E0DD98A214F} = {A9F0B9EC-40FD-3F8D-BD88-9E0DD98A214F}
		{57BC4120-72D8-34FC-8D5D-A7FDB454EE93} = {57BC4120-72D8-34FC-8D5D-A7FDB454EE93}
		{3A1F4025-A790-3D96-8151-320617427996} = {3A1F4025-A790-3D96-8151-320617427996}
		{D5674E06-F4DE-37F3-AD5F-6349D4A0E401} = {D5674E06-F4DE-37F3-AD5F-6349D4A0E401}
		{13ADD2A1-C120-32D1-BE5D-48C6A3DCA8A6} = {13ADD2A1-C120-32D1-BE5D-48C6A3DCA8A6}
		{004DFBA9-BAB2-3D52-A2BC-3F315C59917F} = {004DFBA9-BAB2-3D52-A2BC-3F315C59917F}
		{28B4E8BA-75E9-3634-A273-F0F6F32E6A6F} = {28B4E8BA-75E9-3634-A273-F0F6F32E6A6F}
		{2AED2150-94B4-3084-8BAF-55543F420121} = {2AED2150-94B4-3084-8BAF-55543F420121}
		{B26C9D05-9517-3C67-A087-DB4C0691E248} = {B26C9D05-9517-3C67-A087-DB4C0691E248}
		{3B5FB494-8608-3EC9-97B1-41FB57ACB90E} = {3B5FB494-8608-3EC9-97B1-41FB57ACB90E}
		{ABA79E05-16EB-306D-BAC6-B5BAF85834D4} = {ABA79E05-16EB-306D-BAC6-B5BAF85834D4}
	EndProjectSection
EndProject
Project("{8BC9CEB8-8B4A-11D0-8D11-00A0C91BC942}") = "AppBasicExampleGui", "Physics\bullet3\examples\BasicDemo\AppBasicExampleGui.vcxproj", "{301EC201-CFB1-39EC-9ECA-7997313C4E9F}"
	ProjectSection(ProjectDependencies) = postProject
		{07AF656C-DEF3-3B64-AB3D-21AB9FA1CF78} = {07AF656C-DEF3-3B64-AB3D-21AB9FA1CF78}
		{DBFA9FAA-B1AA-37AC-8BB3-7BF9620DC2E7} = {DBFA9FAA-B1AA-37AC-8BB3-7BF9620DC2E7}
		{7D79646F-D437-38C7-99AA-424A0781E1FD} = {7D79646F-D437-38C7-99AA-424A0781E1FD}
		{2CBC3511-8646-3068-A813-C76B86155EBD} = {2CBC3511-8646-3068-A813-C76B86155EBD}
		{25CDD33E-882E-3965-B4EC-ADE3F9DDC1AB} = {25CDD33E-882E-3965-B4EC-ADE3F9DDC1AB}
		{2AED2150-94B4-3084-8BAF-55543F420121} = {2AED2150-94B4-3084-8BAF-55543F420121}
	EndProjectSection
EndProject
Project("{8BC9CEB8-8B4A-11D0-8D11-00A0C91BC942}") = "App_BasicExample", "Physics\bullet3\examples\BasicDemo\App_BasicExample.vcxproj", "{5FF5E734-C800-333C-AF3E-E7C80E68FC45}"
	ProjectSection(ProjectDependencies) = postProject
		{DBFA9FAA-B1AA-37AC-8BB3-7BF9620DC2E7} = {DBFA9FAA-B1AA-37AC-8BB3-7BF9620DC2E7}
		{7D79646F-D437-38C7-99AA-424A0781E1FD} = {7D79646F-D437-38C7-99AA-424A0781E1FD}
		{2CBC3511-8646-3068-A813-C76B86155EBD} = {2CBC3511-8646-3068-A813-C76B86155EBD}
		{2AED2150-94B4-3084-8BAF-55543F420121} = {2AED2150-94B4-3084-8BAF-55543F420121}
	EndProjectSection
EndProject
Project("{8BC9CEB8-8B4A-11D0-8D11-00A0C91BC942}") = "App_ExampleBrowser", "Physics\bullet3\examples\ExampleBrowser\App_ExampleBrowser.vcxproj", "{A9E4C145-A79E-3081-B83B-D80F6E891214}"
	ProjectSection(ProjectDependencies) = postProject
		{07AF656C-DEF3-3B64-AB3D-21AB9FA1CF78} = {07AF656C-DEF3-3B64-AB3D-21AB9FA1CF78}
		{DBFA9FAA-B1AA-37AC-8BB3-7BF9620DC2E7} = {DBFA9FAA-B1AA-37AC-8BB3-7BF9620DC2E7}
		{7D79646F-D437-38C7-99AA-424A0781E1FD} = {7D79646F-D437-38C7-99AA-424A0781E1FD}
		{F823F9B5-FCA2-360D-BDFE-6ACBD5752433} = {F823F9B5-FCA2-360D-BDFE-6ACBD5752433}
		{D6EFFD8F-D486-33E7-8A5F-4A10E1076A9A} = {D6EFFD8F-D486-33E7-8A5F-4A10E1076A9A}
		{266C376F-E96F-38BC-B82A-AC44D959285D} = {266C376F-E96F-38BC-B82A-AC44D959285D}
		{5F4C31F9-AF0C-3FB3-AA60-744105C16680} = {5F4C31F9-AF0C-3FB3-AA60-744105C16680}
		{320929E2-AF98-3431-968D-E960EAEDA202} = {320929E2-AF98-3431-968D-E960EAEDA202}
		{2CBC3511-8646-3068-A813-C76B86155EBD} = {2CBC3511-8646-3068-A813-C76B86155EBD}
		{25CDD33E-882E-3965-B4EC-ADE3F9DDC1AB} = {25CDD33E-882E-3965-B4EC-ADE3F9DDC1AB}
		{2AED2150-94B4-3084-8BAF-55543F420121} = {2AED2150-94B4-3084-8BAF-55543F420121}
		{ABA79E05-16EB-306D-BAC6-B5BAF85834D4} = {ABA79E05-16EB-306D-BAC6-B5BAF85834D4}
	EndProjectSection
EndProject
Project("{8BC9CEB8-8B4A-11D0-8D11-00A0C91BC942}") = "App_HelloBulletRobotics", "Physics\bullet3\examples\RobotSimulator\App_HelloBulletRobotics.vcxproj", "{A43606A1-F800-3B8B-A3FB-DB11A4949B72}"
	ProjectSection(ProjectDependencies) = postProject
		{07AF656C-DEF3-3B64-AB3D-21AB9FA1CF78} = {07AF656C-DEF3-3B64-AB3D-21AB9FA1CF78}
		{DBFA9FAA-B1AA-37AC-8BB3-7BF9620DC2E7} = {DBFA9FAA-B1AA-37AC-8BB3-7BF9620DC2E7}
		{7D79646F-D437-38C7-99AA-424A0781E1FD} = {7D79646F-D437-38C7-99AA-424A0781E1FD}
		{FF9DC36F-2315-3116-841E-F47FDBB35DD4} = {FF9DC36F-2315-3116-841E-F47FDBB35DD4}
		{D6EFFD8F-D486-33E7-8A5F-4A10E1076A9A} = {D6EFFD8F-D486-33E7-8A5F-4A10E1076A9A}
		{266C376F-E96F-38BC-B82A-AC44D959285D} = {266C376F-E96F-38BC-B82A-AC44D959285D}
		{119F9A82-D51F-3386-B990-CF7DADC746AE} = {119F9A82-D51F-3386-B990-CF7DADC746AE}
		{5F4C31F9-AF0C-3FB3-AA60-744105C16680} = {5F4C31F9-AF0C-3FB3-AA60-744105C16680}
		{73605A0C-B318-359D-94D8-00C2EB680FA3} = {73605A0C-B318-359D-94D8-00C2EB680FA3}
		{2CBC3511-8646-3068-A813-C76B86155EBD} = {2CBC3511-8646-3068-A813-C76B86155EBD}
		{2AED2150-94B4-3084-8BAF-55543F420121} = {2AED2150-94B4-3084-8BAF-55543F420121}
	EndProjectSection
EndProject
Project("{8BC9CEB8-8B4A-11D0-8D11-00A0C91BC942}") = "App_HelloWorld", "Physics\bullet3\examples\HelloWorld\App_HelloWorld.vcxproj", "{0AAC637F-8F51-3C50-8DE7-76CD3F0EE088}"
	ProjectSection(ProjectDependencies) = postProject
		{DBFA9FAA-B1AA-37AC-8BB3-7BF9620DC2E7} = {DBFA9FAA-B1AA-37AC-8BB3-7BF9620DC2E7}
		{7D79646F-D437-38C7-99AA-424A0781E1FD} = {7D79646F-D437-38C7-99AA-424A0781E1FD}
		{2CBC3511-8646-3068-A813-C76B86155EBD} = {2CBC3511-8646-3068-A813-C76B86155EBD}
		{2AED2150-94B4-3084-8BAF-55543F420121} = {2AED2150-94B4-3084-8BAF-55543F420121}
	EndProjectSection
EndProject
Project("{8BC9CEB8-8B4A-11D0-8D11-00A0C91BC942}") = "App_PhysicsServer_SharedMemory", "Physics\bullet3\examples\SharedMemory\App_PhysicsServer_SharedMemory.vcxproj", "{AD677765-4CF9-3299-B167-273A3962CA98}"
	ProjectSection(ProjectDependencies) = postProject
		{07AF656C-DEF3-3B64-AB3D-21AB9FA1CF78} = {07AF656C-DEF3-3B64-AB3D-21AB9FA1CF78}
		{DBFA9FAA-B1AA-37AC-8BB3-7BF9620DC2E7} = {DBFA9FAA-B1AA-37AC-8BB3-7BF9620DC2E7}
		{7D79646F-D437-38C7-99AA-424A0781E1FD} = {7D79646F-D437-38C7-99AA-424A0781E1FD}
		{FF9DC36F-2315-3116-841E-F47FDBB35DD4} = {FF9DC36F-2315-3116-841E-F47FDBB35DD4}
		{D6EFFD8F-D486-33E7-8A5F-4A10E1076A9A} = {D6EFFD8F-D486-33E7-8A5F-4A10E1076A9A}
		{266C376F-E96F-38BC-B82A-AC44D959285D} = {266C376F-E96F-38BC-B82A-AC44D959285D}
		{5F4C31F9-AF0C-3FB3-AA60-744105C16680} = {5F4C31F9-AF0C-3FB3-AA60-744105C16680}
		{73605A0C-B318-359D-94D8-00C2EB680FA3} = {73605A0C-B318-359D-94D8-00C2EB680FA3}
		{320929E2-AF98-3431-968D-E960EAEDA202} = {320929E2-AF98-3431-968D-E960EAEDA202}
		{2CBC3511-8646-3068-A813-C76B86155EBD} = {2CBC3511-8646-3068-A813-C76B86155EBD}
		{2AED2150-94B4-3084-8BAF-55543F420121} = {2AED2150-94B4-3084-8BAF-55543F420121}
	EndProjectSection
EndProject
Project("{8BC9CEB8-8B4A-11D0-8D11-00A0C91BC942}") = "App_PhysicsServer_SharedMemory_GUI", "Physics\bullet3\examples\SharedMemory\App_PhysicsServer_SharedMemory_GUI.vcxproj", "{D388379F-035E-3A94-8123-093142E85526}"
	ProjectSection(ProjectDependencies) = postProject
		{07AF656C-DEF3-3B64-AB3D-21AB9FA1CF78} = {07AF656C-DEF3-3B64-AB3D-21AB9FA1CF78}
		{DBFA9FAA-B1AA-37AC-8BB3-7BF9620DC2E7} = {DBFA9FAA-B1AA-37AC-8BB3-7BF9620DC2E7}
		{7D79646F-D437-38C7-99AA-424A0781E1FD} = {7D79646F-D437-38C7-99AA-424A0781E1FD}
		{FF9DC36F-2315-3116-841E-F47FDBB35DD4} = {FF9DC36F-2315-3116-841E-F47FDBB35DD4}
		{D6EFFD8F-D486-33E7-8A5F-4A10E1076A9A} = {D6EFFD8F-D486-33E7-8A5F-4A10E1076A9A}
		{266C376F-E96F-38BC-B82A-AC44D959285D} = {266C376F-E96F-38BC-B82A-AC44D959285D}
		{5F4C31F9-AF0C-3FB3-AA60-744105C16680} = {5F4C31F9-AF0C-3FB3-AA60-744105C16680}
		{73605A0C-B318-359D-94D8-00C2EB680FA3} = {73605A0C-B318-359D-94D8-00C2EB680FA3}
		{320929E2-AF98-3431-968D-E960EAEDA202} = {320929E2-AF98-3431-968D-E960EAEDA202}
		{2CBC3511-8646-3068-A813-C76B86155EBD} = {2CBC3511-8646-3068-A813-C76B86155EBD}
		{25CDD33E-882E-3965-B4EC-ADE3F9DDC1AB} = {25CDD33E-882E-3965-B4EC-ADE3F9DDC1AB}
		{2AED2150-94B4-3084-8BAF-55543F420121} = {2AED2150-94B4-3084-8BAF-55543F420121}
	EndProjectSection
EndProject
Project("{8BC9CEB8-8B4A-11D0-8D11-00A0C91BC942}") = "App_RobotSimulator", "Physics\bullet3\examples\RobotSimulator\App_RobotSimulator.vcxproj", "{F75E9B74-F272-3C3C-8752-CD3DA18BE2E1}"
	ProjectSection(ProjectDependencies) = postProject
		{07AF656C-DEF3-3B64-AB3D-21AB9FA1CF78} = {07AF656C-DEF3-3B64-AB3D-21AB9FA1CF78}
		{DBFA9FAA-B1AA-37AC-8BB3-7BF9620DC2E7} = {DBFA9FAA-B1AA-37AC-8BB3-7BF9620DC2E7}
		{7D79646F-D437-38C7-99AA-424A0781E1FD} = {7D79646F-D437-38C7-99AA-424A0781E1FD}
		{F823F9B5-FCA2-360D-BDFE-6ACBD5752433} = {F823F9B5-FCA2-360D-BDFE-6ACBD5752433}
		{FF9DC36F-2315-3116-841E-F47FDBB35DD4} = {FF9DC36F-2315-3116-841E-F47FDBB35DD4}
		{D6EFFD8F-D486-33E7-8A5F-4A10E1076A9A} = {D6EFFD8F-D486-33E7-8A5F-4A10E1076A9A}
		{266C376F-E96F-38BC-B82A-AC44D959285D} = {266C376F-E96F-38BC-B82A-AC44D959285D}
		{119F9A82-D51F-3386-B990-CF7DADC746AE} = {119F9A82-D51F-3386-B990-CF7DADC746AE}
		{5F4C31F9-AF0C-3FB3-AA60-744105C16680} = {5F4C31F9-AF0C-3FB3-AA60-744105C16680}
		{73605A0C-B318-359D-94D8-00C2EB680FA3} = {73605A0C-B318-359D-94D8-00C2EB680FA3}
		{2CBC3511-8646-3068-A813-C76B86155EBD} = {2CBC3511-8646-3068-A813-C76B86155EBD}
		{25CDD33E-882E-3965-B4EC-ADE3F9DDC1AB} = {25CDD33E-882E-3965-B4EC-ADE3F9DDC1AB}
		{2AED2150-94B4-3084-8BAF-55543F420121} = {2AED2150-94B4-3084-8BAF-55543F420121}
		{ABA79E05-16EB-306D-BAC6-B5BAF85834D4} = {ABA79E05-16EB-306D-BAC6-B5BAF85834D4}
	EndProjectSection
EndProject
Project("{8BC9CEB8-8B4A-11D0-8D11-00A0C91BC942}") = "App_RobotSimulator_NoGUI", "Physics\bullet3\examples\RobotSimulator\App_RobotSimulator_NoGUI.vcxproj", "{BC699555-7295-32E8-872E-894EF2C0D22F}"
	ProjectSection(ProjectDependencies) = postProject
		{07AF656C-DEF3-3B64-AB3D-21AB9FA1CF78} = {07AF656C-DEF3-3B64-AB3D-21AB9FA1CF78}
		{DBFA9FAA-B1AA-37AC-8BB3-7BF9620DC2E7} = {DBFA9FAA-B1AA-37AC-8BB3-7BF9620DC2E7}
		{7D79646F-D437-38C7-99AA-424A0781E1FD} = {7D79646F-D437-38C7-99AA-424A0781E1FD}
		{FF9DC36F-2315-3116-841E-F47FDBB35DD4} = {FF9DC36F-2315-3116-841E-F47FDBB35DD4}
		{D6EFFD8F-D486-33E7-8A5F-4A10E1076A9A} = {D6EFFD8F-D486-33E7-8A5F-4A10E1076A9A}
		{266C376F-E96F-38BC-B82A-AC44D959285D} = {266C376F-E96F-38BC-B82A-AC44D959285D}
		{119F9A82-D51F-3386-B990-CF7DADC746AE} = {119F9A82-D51F-3386-B990-CF7DADC746AE}
		{5F4C31F9-AF0C-3FB3-AA60-744105C16680} = {5F4C31F9-AF0C-3FB3-AA60-744105C16680}
		{73605A0C-B318-359D-94D8-00C2EB680FA3} = {73605A0C-B318-359D-94D8-00C2EB680FA3}
		{2CBC3511-8646-3068-A813-C76B86155EBD} = {2CBC3511-8646-3068-A813-C76B86155EBD}
		{2AED2150-94B4-3084-8BAF-55543F420121} = {2AED2150-94B4-3084-8BAF-55543F420121}
	EndProjectSection
EndProject
Project("{8BC9CEB8-8B4A-11D0-8D11-00A0C91BC942}") = "App_TwoJoint", "Physics\bullet3\examples\TwoJoint\App_TwoJoint.vcxproj", "{33E076A3-2454-3039-A849-1AE26940A586}"
	ProjectSection(ProjectDependencies) = postProject
		{07AF656C-DEF3-3B64-AB3D-21AB9FA1CF78} = {07AF656C-DEF3-3B64-AB3D-21AB9FA1CF78}
		{DBFA9FAA-B1AA-37AC-8BB3-7BF9620DC2E7} = {DBFA9FAA-B1AA-37AC-8BB3-7BF9620DC2E7}
		{7D79646F-D437-38C7-99AA-424A0781E1FD} = {7D79646F-D437-38C7-99AA-424A0781E1FD}
		{F823F9B5-FCA2-360D-BDFE-6ACBD5752433} = {F823F9B5-FCA2-360D-BDFE-6ACBD5752433}
		{FF9DC36F-2315-3116-841E-F47FDBB35DD4} = {FF9DC36F-2315-3116-841E-F47FDBB35DD4}
		{D6EFFD8F-D486-33E7-8A5F-4A10E1076A9A} = {D6EFFD8F-D486-33E7-8A5F-4A10E1076A9A}
		{266C376F-E96F-38BC-B82A-AC44D959285D} = {266C376F-E96F-38BC-B82A-AC44D959285D}
		{5F4C31F9-AF0C-3FB3-AA60-744105C16680} = {5F4C31F9-AF0C-3FB3-AA60-744105C16680}
		{73605A0C-B318-359D-94D8-00C2EB680FA3} = {73605A0C-B318-359D-94D8-00C2EB680FA3}
		{320929E2-AF98-3431-968D-E960EAEDA202} = {320929E2-AF98-3431-968D-E960EAEDA202}
		{2CBC3511-8646-3068-A813-C76B86155EBD} = {2CBC3511-8646-3068-A813-C76B86155EBD}
		{25CDD33E-882E-3965-B4EC-ADE3F9DDC1AB} = {25CDD33E-882E-3965-B4EC-ADE3F9DDC1AB}
		{2AED2150-94B4-3084-8BAF-55543F420121} = {2AED2150-94B4-3084-8BAF-55543F420121}
		{ABA79E05-16EB-306D-BAC6-B5BAF85834D4} = {ABA79E05-16EB-306D-BAC6-B5BAF85834D4}
	EndProjectSection
EndProject
Project("{8BC9CEB8-8B4A-11D0-8D11-00A0C91BC942}") = "App_obj2sdf", "Physics\bullet3\Extras\obj2sdf\App_obj2sdf.vcxproj", "{20DBBA7B-26FB-359E-AF7C-1B56A54786FC}"
	ProjectSection(ProjectDependencies) = postProject
		{07AF656C-DEF3-3B64-AB3D-21AB9FA1CF78} = {07AF656C-DEF3-3B64-AB3D-21AB9FA1CF78}
		{2AED2150-94B4-3084-8BAF-55543F420121} = {2AED2150-94B4-3084-8BAF-55543F420121}
	EndProjectSection
EndProject
Project("{8BC9CEB8-8B4A-11D0-8D11-00A0C91BC942}") = "Bullet2FileLoader", "Physics\bullet3\src\Bullet3Serialize\Bullet2FileLoader\Bullet2FileLoader.vcxproj", "{7A3B5F6E-4579-3E66-B3F8-5B57D6057EAD}"
	ProjectSection(ProjectDependencies) = postProject
		{2AED2150-94B4-3084-8BAF-55543F420121} = {2AED2150-94B4-3084-8BAF-55543F420121}
	EndProjectSection
EndProject
Project("{8BC9CEB8-8B4A-11D0-8D11-00A0C91BC942}") = "Bullet3Collision", "Physics\bullet3\src\Bullet3Collision\Bullet3Collision.vcxproj", "{77C8B3BB-FD61-3DA9-B1A9-1834344755E2}"
	ProjectSection(ProjectDependencies) = postProject
		{2AED2150-94B4-3084-8BAF-55543F420121} = {2AED2150-94B4-3084-8BAF-55543F420121}
	EndProjectSection
EndProject
Project("{8BC9CEB8-8B4A-11D0-8D11-00A0C91BC942}") = "Bullet3Common", "Physics\bullet3\src\Bullet3Common\Bullet3Common.vcxproj", "{07AF656C-DEF3-3B64-AB3D-21AB9FA1CF78}"
	ProjectSection(ProjectDependencies) = postProject
		{2AED2150-94B4-3084-8BAF-55543F420121} = {2AED2150-94B4-3084-8BAF-55543F420121}
	EndProjectSection
EndProject
Project("{8BC9CEB8-8B4A-11D0-8D11-00A0C91BC942}") = "Bullet3Dynamics", "Physics\bullet3\src\Bullet3Dynamics\Bullet3Dynamics.vcxproj", "{669B5BA5-5624-36F3-BCBA-A783C8BD3E10}"
	ProjectSection(ProjectDependencies) = postProject
		{2AED2150-94B4-3084-8BAF-55543F420121} = {2AED2150-94B4-3084-8BAF-55543F420121}
	EndProjectSection
EndProject
Project("{8BC9CEB8-8B4A-11D0-8D11-00A0C91BC942}") = "Bullet3Geometry", "Physics\bullet3\src\Bullet3Geometry\Bullet3Geometry.vcxproj", "{CB73411B-2463-3669-A7C8-76B09A2E910C}"
	ProjectSection(ProjectDependencies) = postProject
		{2AED2150-94B4-3084-8BAF-55543F420121} = {2AED2150-94B4-3084-8BAF-55543F420121}
	EndProjectSection
EndProject
Project("{8BC9CEB8-8B4A-11D0-8D11-00A0C91BC942}") = "Bullet3OpenCL_clew", "Physics\bullet3\src\Bullet3OpenCL\Bullet3OpenCL_clew.vcxproj", "{C0719E6F-C659-3163-8AD8-CAA2F721D47B}"
	ProjectSection(ProjectDependencies) = postProject
		{2AED2150-94B4-3084-8BAF-55543F420121} = {2AED2150-94B4-3084-8BAF-55543F420121}
	EndProjectSection
EndProject
Project("{8BC9CEB8-8B4A-11D0-8D11-00A0C91BC942}") = "BulletCollision", "Physics\bullet3\src\BulletCollision\BulletCollision.vcxproj", "{DBFA9FAA-B1AA-37AC-8BB3-7BF9620DC2E7}"
	ProjectSection(ProjectDependencies) = postProject
		{2AED2150-94B4-3084-8BAF-55543F420121} = {2AED2150-94B4-3084-8BAF-55543F420121}
	EndProjectSection
EndProject
Project("{8BC9CEB8-8B4A-11D0-8D11-00A0C91BC942}") = "BulletDynamics", "Physics\bullet3\src\BulletDynamics\BulletDynamics.vcxproj", "{7D79646F-D437-38C7-99AA-424A0781E1FD}"
	ProjectSection(ProjectDependencies) = postProject
		{2AED2150-94B4-3084-8BAF-55543F420121} = {2AED2150-94B4-3084-8BAF-55543F420121}
	EndProjectSection
EndProject
Project("{8BC9CEB8-8B4A-11D0-8D11-00A0C91BC942}") = "BulletExampleBrowserLib", "Physics\bullet3\examples\ExampleBrowser\BulletExampleBrowserLib.vcxproj", "{F823F9B5-FCA2-360D-BDFE-6ACBD5752433}"
	ProjectSection(ProjectDependencies) = postProject
		{2AED2150-94B4-3084-8BAF-55543F420121} = {2AED2150-94B4-3084-8BAF-55543F420121}
	EndProjectSection
EndProject
Project("{8BC9CEB8-8B4A-11D0-8D11-00A0C91BC942}") = "BulletFileLoader", "Physics\bullet3\Extras\Serialize\BulletFileLoader\BulletFileLoader.vcxproj", "{FF9DC36F-2315-3116-841E-F47FDBB35DD4}"
	ProjectSection(ProjectDependencies) = postProject
		{2AED2150-94B4-3084-8BAF-55543F420121} = {2AED2150-94B4-3084-8BAF-55543F420121}
	EndProjectSection
EndProject
Project("{8BC9CEB8-8B4A-11D0-8D11-00A0C91BC942}") = "BulletInverseDynamics", "Physics\bullet3\src\BulletInverseDynamics\BulletInverseDynamics.vcxproj", "{D6EFFD8F-D486-33E7-8A5F-4A10E1076A9A}"
	ProjectSection(ProjectDependencies) = postProject
		{2AED2150-94B4-3084-8BAF-55543F420121} = {2AED2150-94B4-3084-8BAF-55543F420121}
	EndProjectSection
EndProject
Project("{8BC9CEB8-8B4A-11D0-8D11-00A0C91BC942}") = "BulletInverseDynamicsUtils", "Physics\bullet3\Extras\InverseDynamics\BulletInverseDynamicsUtils.vcxproj", "{266C376F-E96F-38BC-B82A-AC44D959285D}"
	ProjectSection(ProjectDependencies) = postProject
		{2AED2150-94B4-3084-8BAF-55543F420121} = {2AED2150-94B4-3084-8BAF-55543F420121}
	EndProjectSection
EndProject
Project("{8BC9CEB8-8B4A-11D0-8D11-00A0C91BC942}") = "BulletRobotics", "Physics\bullet3\Extras\BulletRobotics\BulletRobotics.vcxproj", "{119F9A82-D51F-3386-B990-CF7DADC746AE}"
	ProjectSection(ProjectDependencies) = postProject
		{2AED2150-94B4-3084-8BAF-55543F420121} = {2AED2150-94B4-3084-8BAF-55543F420121}
	EndProjectSection
EndProject
Project("{8BC9CEB8-8B4A-11D0-8D11-00A0C91BC942}") = "BulletRoboticsGUI", "Physics\bullet3\Extras\BulletRoboticsGUI\BulletRoboticsGUI.vcxproj", "{C293F55C-C195-3956-9705-FAFF46D6B378}"
	ProjectSection(ProjectDependencies) = postProject
		{2AED2150-94B4-3084-8BAF-55543F420121} = {2AED2150-94B4-3084-8BAF-55543F420121}
	EndProjectSection
EndProject
Project("{8BC9CEB8-8B4A-11D0-8D11-00A0C91BC942}") = "BulletSoftBody", "Physics\bullet3\src\BulletSoftBody\BulletSoftBody.vcxproj", "{5F4C31F9-AF0C-3FB3-AA60-744105C16680}"
	ProjectSection(ProjectDependencies) = postProject
		{2AED2150-94B4-3084-8BAF-55543F420121} = {2AED2150-94B4-3084-8BAF-55543F420121}
	EndProjectSection
EndProject
Project("{8BC9CEB8-8B4A-11D0-8D11-00A0C91BC942}") = "BulletWorldImporter", "Physics\bullet3\Extras\Serialize\BulletWorldImporter\BulletWorldImporter.vcxproj", "{73605A0C-B318-359D-94D8-00C2EB680FA3}"
	ProjectSection(ProjectDependencies) = postProject
		{2AED2150-94B4-3084-8BAF-55543F420121} = {2AED2150-94B4-3084-8BAF-55543F420121}
	EndProjectSection
EndProject
Project("{8BC9CEB8-8B4A-11D0-8D11-00A0C91BC942}") = "BulletXmlWorldImporter", "Physics\bullet3\Extras\Serialize\BulletXmlWorldImporter\BulletXmlWorldImporter.vcxproj", "{BF576261-C288-314F-8B05-3F273CDE87CB}"
	ProjectSection(ProjectDependencies) = postProject
		{2AED2150-94B4-3084-8BAF-55543F420121} = {2AED2150-94B4-3084-8BAF-55543F420121}
	EndProjectSection
EndProject
Project("{8BC9CEB8-8B4A-11D0-8D11-00A0C91BC942}") = "BussIK", "Physics\bullet3\examples\ThirdPartyLibs\BussIK\BussIK.vcxproj", "{320929E2-AF98-3431-968D-E960EAEDA202}"
	ProjectSection(ProjectDependencies) = postProject
		{2AED2150-94B4-3084-8BAF-55543F420121} = {2AED2150-94B4-3084-8BAF-55543F420121}
	EndProjectSection
EndProject
Project("{8BC9CEB8-8B4A-11D0-8D11-00A0C91BC942}") = "ConvexDecomposition", "Physics\bullet3\Extras\ConvexDecomposition\ConvexDecomposition.vcxproj", "{A34075FC-00FD-3F93-AEC4-B6E6A3709B61}"
	ProjectSection(ProjectDependencies) = postProject
		{2AED2150-94B4-3084-8BAF-55543F420121} = {2AED2150-94B4-3084-8BAF-55543F420121}
	EndProjectSection
EndProject
Project("{8BC9CEB8-8B4A-11D0-8D11-00A0C91BC942}") = "Core", "Core\Core.vcxproj", "{0646AD54-E6E2-334E-B335-2B888ABDB54F}"
	ProjectSection(ProjectDependencies) = postProject
		{2AED2150-94B4-3084-8BAF-55543F420121} = {2AED2150-94B4-3084-8BAF-55543F420121}
	EndProjectSection
EndProject
Project("{8BC9CEB8-8B4A-11D0-8D11-00A0C91BC942}") = "DX12", "DX12\DX12.vcxproj", "{52E9377A-D2AA-39CE-8EA2-FBFAB1A8801D}"
	ProjectSection(ProjectDependencies) = postProject
		{6E8FB615-23D2-3199-B96A-AE7EB7B399C2} = {6E8FB615-23D2-3199-B96A-AE7EB7B399C2}
		{EAEF1CE3-5C96-3DD9-A92E-F9D78B90F86F} = {EAEF1CE3-5C96-3DD9-A92E-F9D78B90F86F}
		{2AED2150-94B4-3084-8BAF-55543F420121} = {2AED2150-94B4-3084-8BAF-55543F420121}
	EndProjectSection
EndProject
Project("{8BC9CEB8-8B4A-11D0-8D11-00A0C91BC942}") = "DX12Demo", "DX12Demo\DX12Demo.vcxproj", "{5CD74DA5-F2C6-318F-975D-FE4E91B04D12}"
	ProjectSection(ProjectDependencies) = postProject
		{0646AD54-E6E2-334E-B335-2B888ABDB54F} = {0646AD54-E6E2-334E-B335-2B888ABDB54F}
		{52E9377A-D2AA-39CE-8EA2-FBFAB1A8801D} = {52E9377A-D2AA-39CE-8EA2-FBFAB1A8801D}
		{6E8FB615-23D2-3199-B96A-AE7EB7B399C2} = {6E8FB615-23D2-3199-B96A-AE7EB7B399C2}
		{EAEF1CE3-5C96-3DD9-A92E-F9D78B90F86F} = {EAEF1CE3-5C96-3DD9-A92E-F9D78B90F86F}
		{892489DF-F1FF-3CF4-999B-2B4707900E19} = {892489DF-F1FF-3CF4-999B-2B4707900E19}
		{7E448418-ADB4-3E9B-9055-0FE4CFD59646} = {7E448418-ADB4-3E9B-9055-0FE4CFD59646}
		{41376A66-7E37-39D6-946C-4445C632646E} = {41376A66-7E37-39D6-946C-4445C632646E}
		{6B2D374D-E820-3D0C-BF3F-EB6C743C0AF5} = {6B2D374D-E820-3D0C-BF3F-EB6C743C0AF5}
		{2AED2150-94B4-3084-8BAF-55543F420121} = {2AED2150-94B4-3084-8BAF-55543F420121}
	EndProjectSection
EndProject
Project("{8BC9CEB8-8B4A-11D0-8D11-00A0C91BC942}") = "DX12Tests", "DX12Tests\DX12Tests.vcxproj", "{CF8262A1-CC53-3F56-AB60-EBB3689AD6D5}"
	ProjectSection(ProjectDependencies) = postProject
		{0646AD54-E6E2-334E-B335-2B888ABDB54F} = {0646AD54-E6E2-334E-B335-2B888ABDB54F}
		{52E9377A-D2AA-39CE-8EA2-FBFAB1A8801D} = {52E9377A-D2AA-39CE-8EA2-FBFAB1A8801D}
		{6E8FB615-23D2-3199-B96A-AE7EB7B399C2} = {6E8FB615-23D2-3199-B96A-AE7EB7B399C2}
		{EAEF1CE3-5C96-3DD9-A92E-F9D78B90F86F} = {EAEF1CE3-5C96-3DD9-A92E-F9D78B90F86F}
		{892489DF-F1FF-3CF4-999B-2B4707900E19} = {892489DF-F1FF-3CF4-999B-2B4707900E19}
		{41376A66-7E37-39D6-946C-4445C632646E} = {41376A66-7E37-39D6-946C-4445C632646E}
		{2AED2150-94B4-3084-8BAF-55543F420121} = {2AED2150-94B4-3084-8BAF-55543F420121}
	EndProjectSection
EndProject
Project("{8BC9CEB8-8B4A-11D0-8D11-00A0C91BC942}") = "DirectX-Guids", "DirectX-Headers\DirectX-Guids.vcxproj", "{6E8FB615-23D2-3199-B96A-AE7EB7B399C2}"
	ProjectSection(ProjectDependencies) = postProject
		{EAEF1CE3-5C96-3DD9-A92E-F9D78B90F86F} = {EAEF1CE3-5C96-3DD9-A92E-F9D78B90F86F}
		{2AED2150-94B4-3084-8BAF-55543F420121} = {2AED2150-94B4-3084-8BAF-55543F420121}
	EndProjectSection
EndProject
Project("{8BC9CEB8-8B4A-11D0-8D11-00A0C91BC942}") = "DirectX-Headers", "DirectX-Headers\DirectX-Headers.vcxproj", "{EAEF1CE3-5C96-3DD9-A92E-F9D78B90F86F}"
	ProjectSection(ProjectDependencies) = postProject
		{2AED2150-94B4-3084-8BAF-55543F420121} = {2AED2150-94B4-3084-8BAF-55543F420121}
	EndProjectSection
EndProject
Project("{8BC9CEB8-8B4A-11D0-8D11-00A0C91BC942}") = "FarToGo", "FarToGo.vcxproj", "{2B20636D-2E5B-376E-B72A-7E55D348F0A7}"
	ProjectSection(ProjectDependencies) = postProject
		{0646AD54-E6E2-334E-B335-2B888ABDB54F} = {0646AD54-E6E2-334E-B335-2B888ABDB54F}
		{52E9377A-D2AA-39CE-8EA2-FBFAB1A8801D} = {52E9377A-D2AA-39CE-8EA2-FBFAB1A8801D}
		{6E8FB615-23D2-3199-B96A-AE7EB7B399C2} = {6E8FB615-23D2-3199-B96A-AE7EB7B399C2}
		{EAEF1CE3-5C96-3DD9-A92E-F9D78B90F86F} = {EAEF1CE3-5C96-3DD9-A92E-F9D78B90F86F}
		{892489DF-F1FF-3CF4-999B-2B4707900E19} = {892489DF-F1FF-3CF4-999B-2B4707900E19}
		{3C172894-B255-3BB6-9190-A68CB6CB0933} = {3C172894-B255-3BB6-9190-A68CB6CB0933}
		{41376A66-7E37-39D6-946C-4445C632646E} = {41376A66-7E37-39D6-946C-4445C632646E}
		{E91A880D-58B8-306A-B768-A3C3C382BC0B} = {E91A880D-58B8-306A-B768-A3C3C382BC0B}
		{5636DC03-ABC9-3462-A248-05A07910C4CC} = {5636DC03-ABC9-3462-A248-05A07910C4CC}
		{7585D6AF-9936-32A7-B00B-17B6FA818EB0} = {7585D6AF-9936-32A7-B00B-17B6FA818EB0}
		{2AED2150-94B4-3084-8BAF-55543F420121} = {2AED2150-94B4-3084-8BAF-55543F420121}
	EndProjectSection
EndProject
Project("{8BC9CEB8-8B4A-11D0-8D11-00A0C91BC942}") = "GIMPACTUtils", "Physics\bullet3\Extras\GIMPACTUtils\GIMPACTUtils.vcxproj", "{BD31E6C7-E5BA-3B93-A612-99D6494E31D1}"
	ProjectSection(ProjectDependencies) = postProject
		{2AED2150-94B4-3084-8BAF-55543F420121} = {2AED2150-94B4-3084-8BAF-55543F420121}
	EndProjectSection
EndProject
Project("{8BC9CEB8-8B4A-11D0-8D11-00A0C91BC942}") = "Graphics", "Graphics\Graphics.vcxproj", "{892489DF-F1FF-3CF4-999B-2B4707900E19}"
	ProjectSection(ProjectDependencies) = postProject
		{0646AD54-E6E2-334E-B335-2B888ABDB54F} = {0646AD54-E6E2-334E-B335-2B888ABDB54F}
		{52E9377A-D2AA-39CE-8EA2-FBFAB1A8801D} = {52E9377A-D2AA-39CE-8EA2-FBFAB1A8801D}
		{6E8FB615-23D2-3199-B96A-AE7EB7B399C2} = {6E8FB615-23D2-3199-B96A-AE7EB7B399C2}
		{EAEF1CE3-5C96-3DD9-A92E-F9D78B90F86F} = {EAEF1CE3-5C96-3DD9-A92E-F9D78B90F86F}
		{41376A66-7E37-39D6-946C-4445C632646E} = {41376A66-7E37-39D6-946C-4445C632646E}
		{2AED2150-94B4-3084-8BAF-55543F420121} = {2AED2150-94B4-3084-8BAF-55543F420121}
	EndProjectSection
EndProject
Project("{8BC9CEB8-8B4A-11D0-8D11-00A0C91BC942}") = "GraphicsDemoDX12", "GraphicsDemoDX12\GraphicsDemoDX12.vcxproj", "{786B111A-8F25-3018-B657-034523E7A65A}"
	ProjectSection(ProjectDependencies) = postProject
		{0646AD54-E6E2-334E-B335-2B888ABDB54F} = {0646AD54-E6E2-334E-B335-2B888ABDB54F}
		{52E9377A-D2AA-39CE-8EA2-FBFAB1A8801D} = {52E9377A-D2AA-39CE-8EA2-FBFAB1A8801D}
		{6E8FB615-23D2-3199-B96A-AE7EB7B399C2} = {6E8FB615-23D2-3199-B96A-AE7EB7B399C2}
		{EAEF1CE3-5C96-3DD9-A92E-F9D78B90F86F} = {EAEF1CE3-5C96-3DD9-A92E-F9D78B90F86F}
		{892489DF-F1FF-3CF4-999B-2B4707900E19} = {892489DF-F1FF-3CF4-999B-2B4707900E19}
		{7E448418-ADB4-3E9B-9055-0FE4CFD59646} = {7E448418-ADB4-3E9B-9055-0FE4CFD59646}
		{41376A66-7E37-39D6-946C-4445C632646E} = {41376A66-7E37-39D6-946C-4445C632646E}
		{6B2D374D-E820-3D0C-BF3F-EB6C743C0AF5} = {6B2D374D-E820-3D0C-BF3F-EB6C743C0AF5}
		{2AED2150-94B4-3084-8BAF-55543F420121} = {2AED2150-94B4-3084-8BAF-55543F420121}
	EndProjectSection
EndProject
Project("{8BC9CEB8-8B4A-11D0-8D11-00A0C91BC942}") = "GraphicsTests", "GraphicsTests\GraphicsTests.vcxproj", "{6859A805-B17C-3039-8691-6C21E1A70434}"
	ProjectSection(ProjectDependencies) = postProject
		{0646AD54-E6E2-334E-B335-2B888ABDB54F} = {0646AD54-E6E2-334E-B335-2B888ABDB54F}
		{52E9377A-D2AA-39CE-8EA2-FBFAB1A8801D} = {52E9377A-D2AA-39CE-8EA2-FBFAB1A8801D}
		{6E8FB615-23D2-3199-B96A-AE7EB7B399C2} = {6E8FB615-23D2-3199-B96A-AE7EB7B399C2}
		{EAEF1CE3-5C96-3DD9-A92E-F9D78B90F86F} = {EAEF1CE3-5C96-3DD9-A92E-F9D78B90F86F}
		{892489DF-F1FF-3CF4-999B-2B4707900E19} = {892489DF-F1FF-3CF4-999B-2B4707900E19}
		{41376A66-7E37-39D6-946C-4445C632646E} = {41376A66-7E37-39D6-946C-4445C632646E}
		{2AED2150-94B4-3084-8BAF-55543F420121} = {2AED2150-94B4-3084-8BAF-55543F420121}
	EndProjectSection
EndProject
Project("{8BC9CEB8-8B4A-11D0-8D11-00A0C91BC942}") = "HACD", "Physics\bullet3\Extras\HACD\HACD.vcxproj", "{DC6E0623-7797-3E84-AC37-183A1EC0DBE0}"
	ProjectSection(ProjectDependencies) = postProject
		{2AED2150-94B4-3084-8BAF-55543F420121} = {2AED2150-94B4-3084-8BAF-55543F420121}
	EndProjectSection
EndProject
Project("{8BC9CEB8-8B4A-11D0-8D11-00A0C91BC942}") = "INSTALL", "INSTALL.vcxproj", "{D409E9C7-FF3B-325C-BE3F-40178BFA1D18}"
	ProjectSection(ProjectDependencies) = postProject
		{A18FC62E-5B9F-3C2D-8C64-17F9F4C44CF8} = {A18FC62E-5B9F-3C2D-8C64-17F9F4C44CF8}
		{2AED2150-94B4-3084-8BAF-55543F420121} = {2AED2150-94B4-3084-8BAF-55543F420121}
	EndProjectSection
EndProject
Project("{8BC9CEB8-8B4A-11D0-8D11-00A0C91BC942}") = "Imgui", "imgui\Imgui.vcxproj", "{7E448418-ADB4-3E9B-9055-0FE4CFD59646}"
	ProjectSection(ProjectDependencies) = postProject
		{2AED2150-94B4-3084-8BAF-55543F420121} = {2AED2150-94B4-3084-8BAF-55543F420121}
	EndProjectSection
EndProject
Project("{8BC9CEB8-8B4A-11D0-8D11-00A0C91BC942}") = "LinearMath", "Physics\bullet3\src\LinearMath\LinearMath.vcxproj", "{2CBC3511-8646-3068-A813-C76B86155EBD}"
	ProjectSection(ProjectDependencies) = postProject
		{2AED2150-94B4-3084-8BAF-55543F420121} = {2AED2150-94B4-3084-8BAF-55543F420121}
	EndProjectSection
EndProject
Project("{8BC9CEB8-8B4A-11D0-8D11-00A0C91BC942}") = "Lua", "Scripting\lua\Lua.vcxproj", "{3C172894-B255-3BB6-9190-A68CB6CB0933}"
	ProjectSection(ProjectDependencies) = postProject
		{2AED2150-94B4-3084-8BAF-55543F420121} = {2AED2150-94B4-3084-8BAF-55543F420121}
	EndProjectSection
EndProject
Project("{8BC9CEB8-8B4A-11D0-8D11-00A0C91BC942}") = "Math", "Math\Math.vcxproj", "{41376A66-7E37-39D6-946C-4445C632646E}"
	ProjectSection(ProjectDependencies) = postProject
		{2AED2150-94B4-3084-8BAF-55543F420121} = {2AED2150-94B4-3084-8BAF-55543F420121}
	EndProjectSection
EndProject
Project("{8BC9CEB8-8B4A-11D0-8D11-00A0C91BC942}") = "MathTests", "MathTests\MathTests.vcxproj", "{40BA10D8-2490-30B8-BAE4-74ED5AE2F2B7}"
	ProjectSection(ProjectDependencies) = postProject
		{41376A66-7E37-39D6-946C-4445C632646E} = {41376A66-7E37-39D6-946C-4445C632646E}
		{2AED2150-94B4-3084-8BAF-55543F420121} = {2AED2150-94B4-3084-8BAF-55543F420121}
	EndProjectSection
EndProject
Project("{8BC9CEB8-8B4A-11D0-8D11-00A0C91BC942}") = "Metrics", "Metrics\Metrics.vcxproj", "{6B2D374D-E820-3D0C-BF3F-EB6C743C0AF5}"
	ProjectSection(ProjectDependencies) = postProject
		{2AED2150-94B4-3084-8BAF-55543F420121} = {2AED2150-94B4-3084-8BAF-55543F420121}
	EndProjectSection
EndProject
Project("{8BC9CEB8-8B4A-11D0-8D11-00A0C91BC942}") = "MetricsTests", "MetricsTests\MetricsTests.vcxproj", "{7E112ACE-AE0A-3174-92EF-398657374974}"
	ProjectSection(ProjectDependencies) = postProject
		{6B2D374D-E820-3D0C-BF3F-EB6C743C0AF5} = {6B2D374D-E820-3D0C-BF3F-EB6C743C0AF5}
		{2AED2150-94B4-3084-8BAF-55543F420121} = {2AED2150-94B4-3084-8BAF-55543F420121}
	EndProjectSection
EndProject
Project("{8BC9CEB8-8B4A-11D0-8D11-00A0C91BC942}") = "OpenGLWindow", "Physics\bullet3\examples\OpenGLWindow\OpenGLWindow.vcxproj", "{25CDD33E-882E-3965-B4EC-ADE3F9DDC1AB}"
	ProjectSection(ProjectDependencies) = postProject
		{2AED2150-94B4-3084-8BAF-55543F420121} = {2AED2150-94B4-3084-8BAF-55543F420121}
	EndProjectSection
EndProject
Project("{8BC9CEB8-8B4A-11D0-8D11-00A0C91BC942}") = "Physics", "Physics\Physics.vcxproj", "{E91A880D-58B8-306A-B768-A3C3C382BC0B}"
	ProjectSection(ProjectDependencies) = postProject
		{2AED2150-94B4-3084-8BAF-55543F420121} = {2AED2150-94B4-3084-8BAF-55543F420121}
	EndProjectSection
EndProject
Project("{8BC9CEB8-8B4A-11D0-8D11-00A0C91BC942}") = "RUN_TESTS", "RUN_TESTS.vcxproj", "{EE95BA78-F16D-32F6-8CF3-2E572994A756}"
	ProjectSection(ProjectDependencies) = postProject
		{2AED2150-94B4-3084-8BAF-55543F420121} = {2AED2150-94B4-3084-8BAF-55543F420121}
	EndProjectSection
EndProject
Project("{8BC9CEB8-8B4A-11D0-8D11-00A0C91BC942}") = "RapidXML", "RapidXML\RapidXML.vcxproj", "{5636DC03-ABC9-3462-A248-05A07910C4CC}"
	ProjectSection(ProjectDependencies) = postProject
		{2AED2150-94B4-3084-8BAF-55543F420121} = {2AED2150-94B4-3084-8BAF-55543F420121}
	EndProjectSection
EndProject
Project("{8BC9CEB8-8B4A-11D0-8D11-00A0C91BC942}") = "Scripting", "Scripting\Scripting.vcxproj", "{7585D6AF-9936-32A7-B00B-17B6FA818EB0}"
	ProjectSection(ProjectDependencies) = postProject
		{3C172894-B255-3BB6-9190-A68CB6CB0933} = {3C172894-B255-3BB6-9190-A68CB6CB0933}
		{2AED2150-94B4-3084-8BAF-55543F420121} = {2AED2150-94B4-3084-8BAF-55543F420121}
	EndProjectSection
EndProject
Project("{8BC9CEB8-8B4A-11D0-8D11-00A0C91BC942}") = "Test_BulletDynamics", "Physics\bullet3\test\BulletDynamics\pendulum\Test_BulletDynamics.vcxproj", "{A9F0B9EC-40FD-3F8D-BD88-9E0DD98A214F}"
	ProjectSection(ProjectDependencies) = postProject
		{DBFA9FAA-B1AA-37AC-8BB3-7BF9620DC2E7} = {DBFA9FAA-B1AA-37AC-8BB3-7BF9620DC2E7}
		{7D79646F-D437-38C7-99AA-424A0781E1FD} = {7D79646F-D437-38C7-99AA-424A0781E1FD}
		{2CBC3511-8646-3068-A813-C76B86155EBD} = {2CBC3511-8646-3068-A813-C76B86155EBD}
		{2AED2150-94B4-3084-8BAF-55543F420121} = {2AED2150-94B4-3084-8BAF-55543F420121}
		{3B5FB494-8608-3EC9-97B1-41FB57ACB90E} = {3B5FB494-8608-3EC9-97B1-41FB57ACB90E}
	EndProjectSection
EndProject
Project("{8BC9CEB8-8B4A-11D0-8D11-00A0C91BC942}") = "Test_BulletInverseDynamics", "Physics\bullet3\test\InverseDynamics\Test_BulletInverseDynamics.vcxproj", "{57BC4120-72D8-34FC-8D5D-A7FDB454EE93}"
	ProjectSection(ProjectDependencies) = postProject
		{07AF656C-DEF3-3B64-AB3D-21AB9FA1CF78} = {07AF656C-DEF3-3B64-AB3D-21AB9FA1CF78}
		{DBFA9FAA-B1AA-37AC-8BB3-7BF9620DC2E7} = {DBFA9FAA-B1AA-37AC-8BB3-7BF9620DC2E7}
		{7D79646F-D437-38C7-99AA-424A0781E1FD} = {7D79646F-D437-38C7-99AA-424A0781E1FD}
		{D6EFFD8F-D486-33E7-8A5F-4A10E1076A9A} = {D6EFFD8F-D486-33E7-8A5F-4A10E1076A9A}
		{266C376F-E96F-38BC-B82A-AC44D959285D} = {266C376F-E96F-38BC-B82A-AC44D959285D}
		{2CBC3511-8646-3068-A813-C76B86155EBD} = {2CBC3511-8646-3068-A813-C76B86155EBD}
		{2AED2150-94B4-3084-8BAF-55543F420121} = {2AED2150-94B4-3084-8BAF-55543F420121}
		{3B5FB494-8608-3EC9-97B1-41FB57ACB90E} = {3B5FB494-8608-3EC9-97B1-41FB57ACB90E}
	EndProjectSection
EndProject
Project("{8BC9CEB8-8B4A-11D0-8D11-00A0C91BC942}") = "Test_BulletInverseDynamicsJacobian", "Physics\bullet3\test\InverseDynamics\Test_BulletInverseDynamicsJacobian.vcxproj", "{3A1F4025-A790-3D96-8151-320617427996}"
	ProjectSection(ProjectDependencies) = postProject
		{07AF656C-DEF3-3B64-AB3D-21AB9FA1CF78} = {07AF656C-DEF3-3B64-AB3D-21AB9FA1CF78}
		{D6EFFD8F-D486-33E7-8A5F-4A10E1076A9A} = {D6EFFD8F-D486-33E7-8A5F-4A10E1076A9A}
		{266C376F-E96F-38BC-B82A-AC44D959285D} = {266C376F-E96F-38BC-B82A-AC44D959285D}
		{2CBC3511-8646-3068-A813-C76B86155EBD} = {2CBC3511-8646-3068-A813-C76B86155EBD}
		{2AED2150-94B4-3084-8BAF-55543F420121} = {2AED2150-94B4-3084-8BAF-55543F420121}
		{3B5FB494-8608-3EC9-97B1-41FB57ACB90E} = {3B5FB494-8608-3EC9-97B1-41FB57ACB90E}
	EndProjectSection
EndProject
Project("{8BC9CEB8-8B4A-11D0-8D11-00A0C91BC942}") = "Test_BulletInverseForwardDynamics", "Physics\bullet3\test\InverseDynamics\Test_BulletInverseForwardDynamics.vcxproj", "{D5674E06-F4DE-37F3-AD5F-6349D4A0E401}"
	ProjectSection(ProjectDependencies) = postProject
		{07AF656C-DEF3-3B64-AB3D-21AB9FA1CF78} = {07AF656C-DEF3-3B64-AB3D-21AB9FA1CF78}
		{DBFA9FAA-B1AA-37AC-8BB3-7BF9620DC2E7} = {DBFA9FAA-B1AA-37AC-8BB3-7BF9620DC2E7}
		{7D79646F-D437-38C7-99AA-424A0781E1FD} = {7D79646F-D437-38C7-99AA-424A0781E1FD}
		{D6EFFD8F-D486-33E7-8A5F-4A10E1076A9A} = {D6EFFD8F-D486-33E7-8A5F-4A10E1076A9A}
		{266C376F-E96F-38BC-B82A-AC44D959285D} = {266C376F-E96F-38BC-B82A-AC44D959285D}
		{2CBC3511-8646-3068-A813-C76B86155EBD} = {2CBC3511-8646-3068-A813-C76B86155EBD}
		{2AED2150-94B4-3084-8BAF-55543F420121} = {2AED2150-94B4-3084-8BAF-55543F420121}
		{3B5FB494-8608-3EC9-97B1-41FB57ACB90E} = {3B5FB494-8608-3EC9-97B1-41FB57ACB90E}
	EndProjectSection
EndProject
Project("{8BC9CEB8-8B4A-11D0-8D11-00A0C91BC942}") = "Test_Collision", "Physics\bullet3\test\collision\Test_Collision.vcxproj", "{13ADD2A1-C120-32D1-BE5D-48C6A3DCA8A6}"
	ProjectSection(ProjectDependencies) = postProject
		{2CBC3511-8646-3068-A813-C76B86155EBD} = {2CBC3511-8646-3068-A813-C76B86155EBD}
		{2AED2150-94B4-3084-8BAF-55543F420121} = {2AED2150-94B4-3084-8BAF-55543F420121}
		{3B5FB494-8608-3EC9-97B1-41FB57ACB90E} = {3B5FB494-8608-3EC9-97B1-41FB57ACB90E}
	EndProjectSection
EndProject
Project("{8BC9CEB8-8B4A-11D0-8D11-00A0C91BC942}") = "Test_PhysicsClientServer", "Physics\bullet3\test\SharedMemory\Test_PhysicsClientServer.vcxproj", "{004DFBA9-BAB2-3D52-A2BC-3F315C59917F}"
	ProjectSection(ProjectDependencies) = postProject
		{07AF656C-DEF3-3B64-AB3D-21AB9FA1CF78} = {07AF656C-DEF3-3B64-AB3D-21AB9FA1CF78}
		{DBFA9FAA-B1AA-37AC-8BB3-7BF9620DC2E7} = {DBFA9FAA-B1AA-37AC-8BB3-7BF9620DC2E7}
		{7D79646F-D437-38C7-99AA-424A0781E1FD} = {7D79646F-D437-38C7-99AA-424A0781E1FD}
		{FF9DC36F-2315-3116-841E-F47FDBB35DD4} = {FF9DC36F-2315-3116-841E-F47FDBB35DD4}
		{D6EFFD8F-D486-33E7-8A5F-4A10E1076A9A} = {D6EFFD8F-D486-33E7-8A5F-4A10E1076A9A}
		{266C376F-E96F-38BC-B82A-AC44D959285D} = {266C376F-E96F-38BC-B82A-AC44D959285D}
		{5F4C31F9-AF0C-3FB3-AA60-744105C16680} = {5F4C31F9-AF0C-3FB3-AA60-744105C16680}
		{73605A0C-B318-359D-94D8-00C2EB680FA3} = {73605A0C-B318-359D-94D8-00C2EB680FA3}
		{320929E2-AF98-3431-968D-E960EAEDA202} = {320929E2-AF98-3431-968D-E960EAEDA202}
		{2CBC3511-8646-3068-A813-C76B86155EBD} = {2CBC3511-8646-3068-A813-C76B86155EBD}
		{2AED2150-94B4-3084-8BAF-55543F420121} = {2AED2150-94B4-3084-8BAF-55543F420121}
		{3B5FB494-8608-3EC9-97B1-41FB57ACB90E} = {3B5FB494-8608-3EC9-97B1-41FB57ACB90E}
	EndProjectSection
EndProject
Project("{8BC9CEB8-8B4A-11D0-8D11-00A0C91BC942}") = "Test_btKinematicCharacterController", "Physics\bullet3\test\BulletDynamics\Test_btKinematicCharacterController.vcxproj", "{28B4E8BA-75E9-3634-A273-F0F6F32E6A6F}"
	ProjectSection(ProjectDependencies) = postProject
		{DBFA9FAA-B1AA-37AC-8BB3-7BF9620DC2E7} = {DBFA9FAA-B1AA-37AC-8BB3-7BF9620DC2E7}
		{7D79646F-D437-38C7-99AA-424A0781E1FD} = {7D79646F-D437-38C7-99AA-424A0781E1FD}
		{2CBC3511-8646-3068-A813-C76B86155EBD} = {2CBC3511-8646-3068-A813-C76B86155EBD}
		{2AED2150-94B4-3084-8BAF-55543F420121} = {2AED2150-94B4-3084-8BAF-55543F420121}
		{3B5FB494-8608-3EC9-97B1-41FB57ACB90E} = {3B5FB494-8608-3EC9-97B1-41FB57ACB90E}
	EndProjectSection
EndProject
Project("{8BC9CEB8-8B4A-11D0-8D11-00A0C91BC942}") = "ZERO_CHECK", "ZERO_CHECK.vcxproj", "{2AED2150-94B4-3084-8BAF-55543F420121}"
	ProjectSection(ProjectDependencies) = postProject
	EndProjectSection
EndProject
Project("{8BC9CEB8-8B4A-11D0-8D11-00A0C91BC942}") = "clsocket", "Physics\bullet3\examples\ThirdPartyLibs\clsocket\clsocket.vcxproj", "{B26C9D05-9517-3C67-A087-DB4C0691E248}"
	ProjectSection(ProjectDependencies) = postProject
		{2AED2150-94B4-3084-8BAF-55543F420121} = {2AED2150-94B4-3084-8BAF-55543F420121}
	EndProjectSection
EndProject
Project("{8BC9CEB8-8B4A-11D0-8D11-00A0C91BC942}") = "gtest", "Physics\bullet3\test\gtest-1.7.0\gtest.vcxproj", "{3B5FB494-8608-3EC9-97B1-41FB57ACB90E}"
	ProjectSection(ProjectDependencies) = postProject
		{2AED2150-94B4-3084-8BAF-55543F420121} = {2AED2150-94B4-3084-8BAF-55543F420121}
	EndProjectSection
EndProject
Project("{8BC9CEB8-8B4A-11D0-8D11-00A0C91BC942}") = "gwen", "Physics\bullet3\examples\ThirdPartyLibs\Gwen\gwen.vcxproj", "{ABA79E05-16EB-306D-BAC6-B5BAF85834D4}"
	ProjectSection(ProjectDependencies) = postProject
		{2AED2150-94B4-3084-8BAF-55543F420121} = {2AED2150-94B4-3084-8BAF-55543F420121}
	EndProjectSection
EndProject
Global
	GlobalSection(SolutionConfigurationPlatforms) = preSolution
		Debug|x64 = Debug|x64
		Release|x64 = Release|x64
		MinSizeRel|x64 = MinSizeRel|x64
		RelWithDebInfo|x64 = RelWithDebInfo|x64
	EndGlobalSection
	GlobalSection(ProjectConfigurationPlatforms) = postSolution
		{A18FC62E-5B9F-3C2D-8C64-17F9F4C44CF8}.Debug|x64.ActiveCfg = Debug|x64
		{A18FC62E-5B9F-3C2D-8C64-17F9F4C44CF8}.Debug|x64.Build.0 = Debug|x64
		{A18FC62E-5B9F-3C2D-8C64-17F9F4C44CF8}.Release|x64.ActiveCfg = Release|x64
		{A18FC62E-5B9F-3C2D-8C64-17F9F4C44CF8}.Release|x64.Build.0 = Release|x64
		{A18FC62E-5B9F-3C2D-8C64-17F9F4C44CF8}.MinSizeRel|x64.ActiveCfg = MinSizeRel|x64
		{A18FC62E-5B9F-3C2D-8C64-17F9F4C44CF8}.MinSizeRel|x64.Build.0 = MinSizeRel|x64
		{A18FC62E-5B9F-3C2D-8C64-17F9F4C44CF8}.RelWithDebInfo|x64.ActiveCfg = RelWithDebInfo|x64
		{A18FC62E-5B9F-3C2D-8C64-17F9F4C44CF8}.RelWithDebInfo|x64.Build.0 = RelWithDebInfo|x64
		{301EC201-CFB1-39EC-9ECA-7997313C4E9F}.Debug|x64.ActiveCfg = Debug|x64
		{301EC201-CFB1-39EC-9ECA-7997313C4E9F}.Debug|x64.Build.0 = Debug|x64
		{301EC201-CFB1-39EC-9ECA-7997313C4E9F}.Release|x64.ActiveCfg = Release|x64
		{301EC201-CFB1-39EC-9ECA-7997313C4E9F}.Release|x64.Build.0 = Release|x64
		{301EC201-CFB1-39EC-9ECA-7997313C4E9F}.MinSizeRel|x64.ActiveCfg = MinSizeRel|x64
		{301EC201-CFB1-39EC-9ECA-7997313C4E9F}.MinSizeRel|x64.Build.0 = MinSizeRel|x64
		{301EC201-CFB1-39EC-9ECA-7997313C4E9F}.RelWithDebInfo|x64.ActiveCfg = RelWithDebInfo|x64
		{301EC201-CFB1-39EC-9ECA-7997313C4E9F}.RelWithDebInfo|x64.Build.0 = RelWithDebInfo|x64
		{5FF5E734-C800-333C-AF3E-E7C80E68FC45}.Debug|x64.ActiveCfg = Debug|x64
		{5FF5E734-C800-333C-AF3E-E7C80E68FC45}.Debug|x64.Build.0 = Debug|x64
		{5FF5E734-C800-333C-AF3E-E7C80E68FC45}.Release|x64.ActiveCfg = Release|x64
		{5FF5E734-C800-333C-AF3E-E7C80E68FC45}.Release|x64.Build.0 = Release|x64
		{5FF5E734-C800-333C-AF3E-E7C80E68FC45}.MinSizeRel|x64.ActiveCfg = MinSizeRel|x64
		{5FF5E734-C800-333C-AF3E-E7C80E68FC45}.MinSizeRel|x64.Build.0 = MinSizeRel|x64
		{5FF5E734-C800-333C-AF3E-E7C80E68FC45}.RelWithDebInfo|x64.ActiveCfg = RelWithDebInfo|x64
		{5FF5E734-C800-333C-AF3E-E7C80E68FC45}.RelWithDebInfo|x64.Build.0 = RelWithDebInfo|x64
		{A9E4C145-A79E-3081-B83B-D80F6E891214}.Debug|x64.ActiveCfg = Debug|x64
		{A9E4C145-A79E-3081-B83B-D80F6E891214}.Debug|x64.Build.0 = Debug|x64
		{A9E4C145-A79E-3081-B83B-D80F6E891214}.Release|x64.ActiveCfg = Release|x64
		{A9E4C145-A79E-3081-B83B-D80F6E891214}.Release|x64.Build.0 = Release|x64
		{A9E4C145-A79E-3081-B83B-D80F6E891214}.MinSizeRel|x64.ActiveCfg = MinSizeRel|x64
		{A9E4C145-A79E-3081-B83B-D80F6E891214}.MinSizeRel|x64.Build.0 = MinSizeRel|x64
		{A9E4C145-A79E-3081-B83B-D80F6E891214}.RelWithDebInfo|x64.ActiveCfg = RelWithDebInfo|x64
		{A9E4C145-A79E-3081-B83B-D80F6E891214}.RelWithDebInfo|x64.Build.0 = RelWithDebInfo|x64
		{A43606A1-F800-3B8B-A3FB-DB11A4949B72}.Debug|x64.ActiveCfg = Debug|x64
		{A43606A1-F800-3B8B-A3FB-DB11A4949B72}.Debug|x64.Build.0 = Debug|x64
		{A43606A1-F800-3B8B-A3FB-DB11A4949B72}.Release|x64.ActiveCfg = Release|x64
		{A43606A1-F800-3B8B-A3FB-DB11A4949B72}.Release|x64.Build.0 = Release|x64
		{A43606A1-F800-3B8B-A3FB-DB11A4949B72}.MinSizeRel|x64.ActiveCfg = MinSizeRel|x64
		{A43606A1-F800-3B8B-A3FB-DB11A4949B72}.MinSizeRel|x64.Build.0 = MinSizeRel|x64
		{A43606A1-F800-3B8B-A3FB-DB11A4949B72}.RelWithDebInfo|x64.ActiveCfg = RelWithDebInfo|x64
		{A43606A1-F800-3B8B-A3FB-DB11A4949B72}.RelWithDebInfo|x64.Build.0 = RelWithDebInfo|x64
		{0AAC637F-8F51-3C50-8DE7-76CD3F0EE088}.Debug|x64.ActiveCfg = Debug|x64
		{0AAC637F-8F51-3C50-8DE7-76CD3F0EE088}.Debug|x64.Build.0 = Debug|x64
		{0AAC637F-8F51-3C50-8DE7-76CD3F0EE088}.Release|x64.ActiveCfg = Release|x64
		{0AAC637F-8F51-3C50-8DE7-76CD3F0EE088}.Release|x64.Build.0 = Release|x64
		{0AAC637F-8F51-3C50-8DE7-76CD3F0EE088}.MinSizeRel|x64.ActiveCfg = MinSizeRel|x64
		{0AAC637F-8F51-3C50-8DE7-76CD3F0EE088}.MinSizeRel|x64.Build.0 = MinSizeRel|x64
		{0AAC637F-8F51-3C50-8DE7-76CD3F0EE088}.RelWithDebInfo|x64.ActiveCfg = RelWithDebInfo|x64
		{0AAC637F-8F51-3C50-8DE7-76CD3F0EE088}.RelWithDebInfo|x64.Build.0 = RelWithDebInfo|x64
		{AD677765-4CF9-3299-B167-273A3962CA98}.Debug|x64.ActiveCfg = Debug|x64
		{AD677765-4CF9-3299-B167-273A3962CA98}.Debug|x64.Build.0 = Debug|x64
		{AD677765-4CF9-3299-B167-273A3962CA98}.Release|x64.ActiveCfg = Release|x64
		{AD677765-4CF9-3299-B167-273A3962CA98}.Release|x64.Build.0 = Release|x64
		{AD677765-4CF9-3299-B167-273A3962CA98}.MinSizeRel|x64.ActiveCfg = MinSizeRel|x64
		{AD677765-4CF9-3299-B167-273A3962CA98}.MinSizeRel|x64.Build.0 = MinSizeRel|x64
		{AD677765-4CF9-3299-B167-273A3962CA98}.RelWithDebInfo|x64.ActiveCfg = RelWithDebInfo|x64
		{AD677765-4CF9-3299-B167-273A3962CA98}.RelWithDebInfo|x64.Build.0 = RelWithDebInfo|x64
		{D388379F-035E-3A94-8123-093142E85526}.Debug|x64.ActiveCfg = Debug|x64
		{D388379F-035E-3A94-8123-093142E85526}.Debug|x64.Build.0 = Debug|x64
		{D388379F-035E-3A94-8123-093142E85526}.Release|x64.ActiveCfg = Release|x64
		{D388379F-035E-3A94-8123-093142E85526}.Release|x64.Build.0 = Release|x64
		{D388379F-035E-3A94-8123-093142E85526}.MinSizeRel|x64.ActiveCfg = MinSizeRel|x64
		{D388379F-035E-3A94-8123-093142E85526}.MinSizeRel|x64.Build.0 = MinSizeRel|x64
		{D388379F-035E-3A94-8123-093142E85526}.RelWithDebInfo|x64.ActiveCfg = RelWithDebInfo|x64
		{D388379F-035E-3A94-8123-093142E85526}.RelWithDebInfo|x64.Build.0 = RelWithDebInfo|x64
		{F75E9B74-F272-3C3C-8752-CD3DA18BE2E1}.Debug|x64.ActiveCfg = Debug|x64
		{F75E9B74-F272-3C3C-8752-CD3DA18BE2E1}.Debug|x64.Build.0 = Debug|x64
		{F75E9B74-F272-3C3C-8752-CD3DA18BE2E1}.Release|x64.ActiveCfg = Release|x64
		{F75E9B74-F272-3C3C-8752-CD3DA18BE2E1}.Release|x64.Build.0 = Release|x64
		{F75E9B74-F272-3C3C-8752-CD3DA18BE2E1}.MinSizeRel|x64.ActiveCfg = MinSizeRel|x64
		{F75E9B74-F272-3C3C-8752-CD3DA18BE2E1}.MinSizeRel|x64.Build.0 = MinSizeRel|x64
		{F75E9B74-F272-3C3C-8752-CD3DA18BE2E1}.RelWithDebInfo|x64.ActiveCfg = RelWithDebInfo|x64
		{F75E9B74-F272-3C3C-8752-CD3DA18BE2E1}.RelWithDebInfo|x64.Build.0 = RelWithDebInfo|x64
		{BC699555-7295-32E8-872E-894EF2C0D22F}.Debug|x64.ActiveCfg = Debug|x64
		{BC699555-7295-32E8-872E-894EF2C0D22F}.Debug|x64.Build.0 = Debug|x64
		{BC699555-7295-32E8-872E-894EF2C0D22F}.Release|x64.ActiveCfg = Release|x64
		{BC699555-7295-32E8-872E-894EF2C0D22F}.Release|x64.Build.0 = Release|x64
		{BC699555-7295-32E8-872E-894EF2C0D22F}.MinSizeRel|x64.ActiveCfg = MinSizeRel|x64
		{BC699555-7295-32E8-872E-894EF2C0D22F}.MinSizeRel|x64.Build.0 = MinSizeRel|x64
		{BC699555-7295-32E8-872E-894EF2C0D22F}.RelWithDebInfo|x64.ActiveCfg = RelWithDebInfo|x64
		{BC699555-7295-32E8-872E-894EF2C0D22F}.RelWithDebInfo|x64.Build.0 = RelWithDebInfo|x64
		{33E076A3-2454-3039-A849-1AE26940A586}.Debug|x64.ActiveCfg = Debug|x64
		{33E076A3-2454-3039-A849-1AE26940A586}.Debug|x64.Build.0 = Debug|x64
		{33E076A3-2454-3039-A849-1AE26940A586}.Release|x64.ActiveCfg = Release|x64
		{33E076A3-2454-3039-A849-1AE26940A586}.Release|x64.Build.0 = Release|x64
		{33E076A3-2454-3039-A849-1AE26940A586}.MinSizeRel|x64.ActiveCfg = MinSizeRel|x64
		{33E076A3-2454-3039-A849-1AE26940A586}.MinSizeRel|x64.Build.0 = MinSizeRel|x64
		{33E076A3-2454-3039-A849-1AE26940A586}.RelWithDebInfo|x64.ActiveCfg = RelWithDebInfo|x64
		{33E076A3-2454-3039-A849-1AE26940A586}.RelWithDebInfo|x64.Build.0 = RelWithDebInfo|x64
		{20DBBA7B-26FB-359E-AF7C-1B56A54786FC}.Debug|x64.ActiveCfg = Debug|x64
		{20DBBA7B-26FB-359E-AF7C-1B56A54786FC}.Debug|x64.Build.0 = Debug|x64
		{20DBBA7B-26FB-359E-AF7C-1B56A54786FC}.Release|x64.ActiveCfg = Release|x64
		{20DBBA7B-26FB-359E-AF7C-1B56A54786FC}.Release|x64.Build.0 = Release|x64
		{20DBBA7B-26FB-359E-AF7C-1B56A54786FC}.MinSizeRel|x64.ActiveCfg = MinSizeRel|x64
		{20DBBA7B-26FB-359E-AF7C-1B56A54786FC}.MinSizeRel|x64.Build.0 = MinSizeRel|x64
		{20DBBA7B-26FB-359E-AF7C-1B56A54786FC}.RelWithDebInfo|x64.ActiveCfg = RelWithDebInfo|x64
		{20DBBA7B-26FB-359E-AF7C-1B56A54786FC}.RelWithDebInfo|x64.Build.0 = RelWithDebInfo|x64
		{7A3B5F6E-4579-3E66-B3F8-5B57D6057EAD}.Debug|x64.ActiveCfg = Debug|x64
		{7A3B5F6E-4579-3E66-B3F8-5B57D6057EAD}.Debug|x64.Build.0 = Debug|x64
		{7A3B5F6E-4579-3E66-B3F8-5B57D6057EAD}.Release|x64.ActiveCfg = Release|x64
		{7A3B5F6E-4579-3E66-B3F8-5B57D6057EAD}.Release|x64.Build.0 = Release|x64
		{7A3B5F6E-4579-3E66-B3F8-5B57D6057EAD}.MinSizeRel|x64.ActiveCfg = MinSizeRel|x64
		{7A3B5F6E-4579-3E66-B3F8-5B57D6057EAD}.MinSizeRel|x64.Build.0 = MinSizeRel|x64
		{7A3B5F6E-4579-3E66-B3F8-5B57D6057EAD}.RelWithDebInfo|x64.ActiveCfg = RelWithDebInfo|x64
		{7A3B5F6E-4579-3E66-B3F8-5B57D6057EAD}.RelWithDebInfo|x64.Build.0 = RelWithDebInfo|x64
		{77C8B3BB-FD61-3DA9-B1A9-1834344755E2}.Debug|x64.ActiveCfg = Debug|x64
		{77C8B3BB-FD61-3DA9-B1A9-1834344755E2}.Debug|x64.Build.0 = Debug|x64
		{77C8B3BB-FD61-3DA9-B1A9-1834344755E2}.Release|x64.ActiveCfg = Release|x64
		{77C8B3BB-FD61-3DA9-B1A9-1834344755E2}.Release|x64.Build.0 = Release|x64
		{77C8B3BB-FD61-3DA9-B1A9-1834344755E2}.MinSizeRel|x64.ActiveCfg = MinSizeRel|x64
		{77C8B3BB-FD61-3DA9-B1A9-1834344755E2}.MinSizeRel|x64.Build.0 = MinSizeRel|x64
		{77C8B3BB-FD61-3DA9-B1A9-1834344755E2}.RelWithDebInfo|x64.ActiveCfg = RelWithDebInfo|x64
		{77C8B3BB-FD61-3DA9-B1A9-1834344755E2}.RelWithDebInfo|x64.Build.0 = RelWithDebInfo|x64
		{07AF656C-DEF3-3B64-AB3D-21AB9FA1CF78}.Debug|x64.ActiveCfg = Debug|x64
		{07AF656C-DEF3-3B64-AB3D-21AB9FA1CF78}.Debug|x64.Build.0 = Debug|x64
		{07AF656C-DEF3-3B64-AB3D-21AB9FA1CF78}.Release|x64.ActiveCfg = Release|x64
		{07AF656C-DEF3-3B64-AB3D-21AB9FA1CF78}.Release|x64.Build.0 = Release|x64
		{07AF656C-DEF3-3B64-AB3D-21AB9FA1CF78}.MinSizeRel|x64.ActiveCfg = MinSizeRel|x64
		{07AF656C-DEF3-3B64-AB3D-21AB9FA1CF78}.MinSizeRel|x64.Build.0 = MinSizeRel|x64
		{07AF656C-DEF3-3B64-AB3D-21AB9FA1CF78}.RelWithDebInfo|x64.ActiveCfg = RelWithDebInfo|x64
		{07AF656C-DEF3-3B64-AB3D-21AB9FA1CF78}.RelWithDebInfo|x64.Build.0 = RelWithDebInfo|x64
		{669B5BA5-5624-36F3-BCBA-A783C8BD3E10}.Debug|x64.ActiveCfg = Debug|x64
		{669B5BA5-5624-36F3-BCBA-A783C8BD3E10}.Debug|x64.Build.0 = Debug|x64
		{669B5BA5-5624-36F3-BCBA-A783C8BD3E10}.Release|x64.ActiveCfg = Release|x64
		{669B5BA5-5624-36F3-BCBA-A783C8BD3E10}.Release|x64.Build.0 = Release|x64
		{669B5BA5-5624-36F3-BCBA-A783C8BD3E10}.MinSizeRel|x64.ActiveCfg = MinSizeRel|x64
		{669B5BA5-5624-36F3-BCBA-A783C8BD3E10}.MinSizeRel|x64.Build.0 = MinSizeRel|x64
		{669B5BA5-5624-36F3-BCBA-A783C8BD3E10}.RelWithDebInfo|x64.ActiveCfg = RelWithDebInfo|x64
		{669B5BA5-5624-36F3-BCBA-A783C8BD3E10}.RelWithDebInfo|x64.Build.0 = RelWithDebInfo|x64
		{CB73411B-2463-3669-A7C8-76B09A2E910C}.Debug|x64.ActiveCfg = Debug|x64
		{CB73411B-2463-3669-A7C8-76B09A2E910C}.Debug|x64.Build.0 = Debug|x64
		{CB73411B-2463-3669-A7C8-76B09A2E910C}.Release|x64.ActiveCfg = Release|x64
		{CB73411B-2463-3669-A7C8-76B09A2E910C}.Release|x64.Build.0 = Release|x64
		{CB73411B-2463-3669-A7C8-76B09A2E910C}.MinSizeRel|x64.ActiveCfg = MinSizeRel|x64
		{CB73411B-2463-3669-A7C8-76B09A2E910C}.MinSizeRel|x64.Build.0 = MinSizeRel|x64
		{CB73411B-2463-3669-A7C8-76B09A2E910C}.RelWithDebInfo|x64.ActiveCfg = RelWithDebInfo|x64
		{CB73411B-2463-3669-A7C8-76B09A2E910C}.RelWithDebInfo|x64.Build.0 = RelWithDebInfo|x64
		{C0719E6F-C659-3163-8AD8-CAA2F721D47B}.Debug|x64.ActiveCfg = Debug|x64
		{C0719E6F-C659-3163-8AD8-CAA2F721D47B}.Debug|x64.Build.0 = Debug|x64
		{C0719E6F-C659-3163-8AD8-CAA2F721D47B}.Release|x64.ActiveCfg = Release|x64
		{C0719E6F-C659-3163-8AD8-CAA2F721D47B}.Release|x64.Build.0 = Release|x64
		{C0719E6F-C659-3163-8AD8-CAA2F721D47B}.MinSizeRel|x64.ActiveCfg = MinSizeRel|x64
		{C0719E6F-C659-3163-8AD8-CAA2F721D47B}.MinSizeRel|x64.Build.0 = MinSizeRel|x64
		{C0719E6F-C659-3163-8AD8-CAA2F721D47B}.RelWithDebInfo|x64.ActiveCfg = RelWithDebInfo|x64
		{C0719E6F-C659-3163-8AD8-CAA2F721D47B}.RelWithDebInfo|x64.Build.0 = RelWithDebInfo|x64
		{DBFA9FAA-B1AA-37AC-8BB3-7BF9620DC2E7}.Debug|x64.ActiveCfg = Debug|x64
		{DBFA9FAA-B1AA-37AC-8BB3-7BF9620DC2E7}.Debug|x64.Build.0 = Debug|x64
		{DBFA9FAA-B1AA-37AC-8BB3-7BF9620DC2E7}.Release|x64.ActiveCfg = Release|x64
		{DBFA9FAA-B1AA-37AC-8BB3-7BF9620DC2E7}.Release|x64.Build.0 = Release|x64
		{DBFA9FAA-B1AA-37AC-8BB3-7BF9620DC2E7}.MinSizeRel|x64.ActiveCfg = MinSizeRel|x64
		{DBFA9FAA-B1AA-37AC-8BB3-7BF9620DC2E7}.MinSizeRel|x64.Build.0 = MinSizeRel|x64
		{DBFA9FAA-B1AA-37AC-8BB3-7BF9620DC2E7}.RelWithDebInfo|x64.ActiveCfg = RelWithDebInfo|x64
		{DBFA9FAA-B1AA-37AC-8BB3-7BF9620DC2E7}.RelWithDebInfo|x64.Build.0 = RelWithDebInfo|x64
		{7D79646F-D437-38C7-99AA-424A0781E1FD}.Debug|x64.ActiveCfg = Debug|x64
		{7D79646F-D437-38C7-99AA-424A0781E1FD}.Debug|x64.Build.0 = Debug|x64
		{7D79646F-D437-38C7-99AA-424A0781E1FD}.Release|x64.ActiveCfg = Release|x64
		{7D79646F-D437-38C7-99AA-424A0781E1FD}.Release|x64.Build.0 = Release|x64
		{7D79646F-D437-38C7-99AA-424A0781E1FD}.MinSizeRel|x64.ActiveCfg = MinSizeRel|x64
		{7D79646F-D437-38C7-99AA-424A0781E1FD}.MinSizeRel|x64.Build.0 = MinSizeRel|x64
		{7D79646F-D437-38C7-99AA-424A0781E1FD}.RelWithDebInfo|x64.ActiveCfg = RelWithDebInfo|x64
		{7D79646F-D437-38C7-99AA-424A0781E1FD}.RelWithDebInfo|x64.Build.0 = RelWithDebInfo|x64
		{F823F9B5-FCA2-360D-BDFE-6ACBD5752433}.Debug|x64.ActiveCfg = Debug|x64
		{F823F9B5-FCA2-360D-BDFE-6ACBD5752433}.Debug|x64.Build.0 = Debug|x64
		{F823F9B5-FCA2-360D-BDFE-6ACBD5752433}.Release|x64.ActiveCfg = Release|x64
		{F823F9B5-FCA2-360D-BDFE-6ACBD5752433}.Release|x64.Build.0 = Release|x64
		{F823F9B5-FCA2-360D-BDFE-6ACBD5752433}.MinSizeRel|x64.ActiveCfg = MinSizeRel|x64
		{F823F9B5-FCA2-360D-BDFE-6ACBD5752433}.MinSizeRel|x64.Build.0 = MinSizeRel|x64
		{F823F9B5-FCA2-360D-BDFE-6ACBD5752433}.RelWithDebInfo|x64.ActiveCfg = RelWithDebInfo|x64
		{F823F9B5-FCA2-360D-BDFE-6ACBD5752433}.RelWithDebInfo|x64.Build.0 = RelWithDebInfo|x64
		{FF9DC36F-2315-3116-841E-F47FDBB35DD4}.Debug|x64.ActiveCfg = Debug|x64
		{FF9DC36F-2315-3116-841E-F47FDBB35DD4}.Debug|x64.Build.0 = Debug|x64
		{FF9DC36F-2315-3116-841E-F47FDBB35DD4}.Release|x64.ActiveCfg = Release|x64
		{FF9DC36F-2315-3116-841E-F47FDBB35DD4}.Release|x64.Build.0 = Release|x64
		{FF9DC36F-2315-3116-841E-F47FDBB35DD4}.MinSizeRel|x64.ActiveCfg = MinSizeRel|x64
		{FF9DC36F-2315-3116-841E-F47FDBB35DD4}.MinSizeRel|x64.Build.0 = MinSizeRel|x64
		{FF9DC36F-2315-3116-841E-F47FDBB35DD4}.RelWithDebInfo|x64.ActiveCfg = RelWithDebInfo|x64
		{FF9DC36F-2315-3116-841E-F47FDBB35DD4}.RelWithDebInfo|x64.Build.0 = RelWithDebInfo|x64
		{D6EFFD8F-D486-33E7-8A5F-4A10E1076A9A}.Debug|x64.ActiveCfg = Debug|x64
		{D6EFFD8F-D486-33E7-8A5F-4A10E1076A9A}.Debug|x64.Build.0 = Debug|x64
		{D6EFFD8F-D486-33E7-8A5F-4A10E1076A9A}.Release|x64.ActiveCfg = Release|x64
		{D6EFFD8F-D486-33E7-8A5F-4A10E1076A9A}.Release|x64.Build.0 = Release|x64
		{D6EFFD8F-D486-33E7-8A5F-4A10E1076A9A}.MinSizeRel|x64.ActiveCfg = MinSizeRel|x64
		{D6EFFD8F-D486-33E7-8A5F-4A10E1076A9A}.MinSizeRel|x64.Build.0 = MinSizeRel|x64
		{D6EFFD8F-D486-33E7-8A5F-4A10E1076A9A}.RelWithDebInfo|x64.ActiveCfg = RelWithDebInfo|x64
		{D6EFFD8F-D486-33E7-8A5F-4A10E1076A9A}.RelWithDebInfo|x64.Build.0 = RelWithDebInfo|x64
		{266C376F-E96F-38BC-B82A-AC44D959285D}.Debug|x64.ActiveCfg = Debug|x64
		{266C376F-E96F-38BC-B82A-AC44D959285D}.Debug|x64.Build.0 = Debug|x64
		{266C376F-E96F-38BC-B82A-AC44D959285D}.Release|x64.ActiveCfg = Release|x64
		{266C376F-E96F-38BC-B82A-AC44D959285D}.Release|x64.Build.0 = Release|x64
		{266C376F-E96F-38BC-B82A-AC44D959285D}.MinSizeRel|x64.ActiveCfg = MinSizeRel|x64
		{266C376F-E96F-38BC-B82A-AC44D959285D}.MinSizeRel|x64.Build.0 = MinSizeRel|x64
		{266C376F-E96F-38BC-B82A-AC44D959285D}.RelWithDebInfo|x64.ActiveCfg = RelWithDebInfo|x64
		{266C376F-E96F-38BC-B82A-AC44D959285D}.RelWithDebInfo|x64.Build.0 = RelWithDebInfo|x64
		{119F9A82-D51F-3386-B990-CF7DADC746AE}.Debug|x64.ActiveCfg = Debug|x64
		{119F9A82-D51F-3386-B990-CF7DADC746AE}.Debug|x64.Build.0 = Debug|x64
		{119F9A82-D51F-3386-B990-CF7DADC746AE}.Release|x64.ActiveCfg = Release|x64
		{119F9A82-D51F-3386-B990-CF7DADC746AE}.Release|x64.Build.0 = Release|x64
		{119F9A82-D51F-3386-B990-CF7DADC746AE}.MinSizeRel|x64.ActiveCfg = MinSizeRel|x64
		{119F9A82-D51F-3386-B990-CF7DADC746AE}.MinSizeRel|x64.Build.0 = MinSizeRel|x64
		{119F9A82-D51F-3386-B990-CF7DADC746AE}.RelWithDebInfo|x64.ActiveCfg = RelWithDebInfo|x64
		{119F9A82-D51F-3386-B990-CF7DADC746AE}.RelWithDebInfo|x64.Build.0 = RelWithDebInfo|x64
		{C293F55C-C195-3956-9705-FAFF46D6B378}.Debug|x64.ActiveCfg = Debug|x64
		{C293F55C-C195-3956-9705-FAFF46D6B378}.Debug|x64.Build.0 = Debug|x64
		{C293F55C-C195-3956-9705-FAFF46D6B378}.Release|x64.ActiveCfg = Release|x64
		{C293F55C-C195-3956-9705-FAFF46D6B378}.Release|x64.Build.0 = Release|x64
		{C293F55C-C195-3956-9705-FAFF46D6B378}.MinSizeRel|x64.ActiveCfg = MinSizeRel|x64
		{C293F55C-C195-3956-9705-FAFF46D6B378}.MinSizeRel|x64.Build.0 = MinSizeRel|x64
		{C293F55C-C195-3956-9705-FAFF46D6B378}.RelWithDebInfo|x64.ActiveCfg = RelWithDebInfo|x64
		{C293F55C-C195-3956-9705-FAFF46D6B378}.RelWithDebInfo|x64.Build.0 = RelWithDebInfo|x64
		{5F4C31F9-AF0C-3FB3-AA60-744105C16680}.Debug|x64.ActiveCfg = Debug|x64
		{5F4C31F9-AF0C-3FB3-AA60-744105C16680}.Debug|x64.Build.0 = Debug|x64
		{5F4C31F9-AF0C-3FB3-AA60-744105C16680}.Release|x64.ActiveCfg = Release|x64
		{5F4C31F9-AF0C-3FB3-AA60-744105C16680}.Release|x64.Build.0 = Release|x64
		{5F4C31F9-AF0C-3FB3-AA60-744105C16680}.MinSizeRel|x64.ActiveCfg = MinSizeRel|x64
		{5F4C31F9-AF0C-3FB3-AA60-744105C16680}.MinSizeRel|x64.Build.0 = MinSizeRel|x64
		{5F4C31F9-AF0C-3FB3-AA60-744105C16680}.RelWithDebInfo|x64.ActiveCfg = RelWithDebInfo|x64
		{5F4C31F9-AF0C-3FB3-AA60-744105C16680}.RelWithDebInfo|x64.Build.0 = RelWithDebInfo|x64
		{73605A0C-B318-359D-94D8-00C2EB680FA3}.Debug|x64.ActiveCfg = Debug|x64
		{73605A0C-B318-359D-94D8-00C2EB680FA3}.Debug|x64.Build.0 = Debug|x64
		{73605A0C-B318-359D-94D8-00C2EB680FA3}.Release|x64.ActiveCfg = Release|x64
		{73605A0C-B318-359D-94D8-00C2EB680FA3}.Release|x64.Build.0 = Release|x64
		{73605A0C-B318-359D-94D8-00C2EB680FA3}.MinSizeRel|x64.ActiveCfg = MinSizeRel|x64
		{73605A0C-B318-359D-94D8-00C2EB680FA3}.MinSizeRel|x64.Build.0 = MinSizeRel|x64
		{73605A0C-B318-359D-94D8-00C2EB680FA3}.RelWithDebInfo|x64.ActiveCfg = RelWithDebInfo|x64
		{73605A0C-B318-359D-94D8-00C2EB680FA3}.RelWithDebInfo|x64.Build.0 = RelWithDebInfo|x64
		{BF576261-C288-314F-8B05-3F273CDE87CB}.Debug|x64.ActiveCfg = Debug|x64
		{BF576261-C288-314F-8B05-3F273CDE87CB}.Debug|x64.Build.0 = Debug|x64
		{BF576261-C288-314F-8B05-3F273CDE87CB}.Release|x64.ActiveCfg = Release|x64
		{BF576261-C288-314F-8B05-3F273CDE87CB}.Release|x64.Build.0 = Release|x64
		{BF576261-C288-314F-8B05-3F273CDE87CB}.MinSizeRel|x64.ActiveCfg = MinSizeRel|x64
		{BF576261-C288-314F-8B05-3F273CDE87CB}.MinSizeRel|x64.Build.0 = MinSizeRel|x64
		{BF576261-C288-314F-8B05-3F273CDE87CB}.RelWithDebInfo|x64.ActiveCfg = RelWithDebInfo|x64
		{BF576261-C288-314F-8B05-3F273CDE87CB}.RelWithDebInfo|x64.Build.0 = RelWithDebInfo|x64
		{320929E2-AF98-3431-968D-E960EAEDA202}.Debug|x64.ActiveCfg = Debug|x64
		{320929E2-AF98-3431-968D-E960EAEDA202}.Debug|x64.Build.0 = Debug|x64
		{320929E2-AF98-3431-968D-E960EAEDA202}.Release|x64.ActiveCfg = Release|x64
		{320929E2-AF98-3431-968D-E960EAEDA202}.Release|x64.Build.0 = Release|x64
		{320929E2-AF98-3431-968D-E960EAEDA202}.MinSizeRel|x64.ActiveCfg = MinSizeRel|x64
		{320929E2-AF98-3431-968D-E960EAEDA202}.MinSizeRel|x64.Build.0 = MinSizeRel|x64
		{320929E2-AF98-3431-968D-E960EAEDA202}.RelWithDebInfo|x64.ActiveCfg = RelWithDebInfo|x64
		{320929E2-AF98-3431-968D-E960EAEDA202}.RelWithDebInfo|x64.Build.0 = RelWithDebInfo|x64
		{A34075FC-00FD-3F93-AEC4-B6E6A3709B61}.Debug|x64.ActiveCfg = Debug|x64
		{A34075FC-00FD-3F93-AEC4-B6E6A3709B61}.Debug|x64.Build.0 = Debug|x64
		{A34075FC-00FD-3F93-AEC4-B6E6A3709B61}.Release|x64.ActiveCfg = Release|x64
		{A34075FC-00FD-3F93-AEC4-B6E6A3709B61}.Release|x64.Build.0 = Release|x64
		{A34075FC-00FD-3F93-AEC4-B6E6A3709B61}.MinSizeRel|x64.ActiveCfg = MinSizeRel|x64
		{A34075FC-00FD-3F93-AEC4-B6E6A3709B61}.MinSizeRel|x64.Build.0 = MinSizeRel|x64
		{A34075FC-00FD-3F93-AEC4-B6E6A3709B61}.RelWithDebInfo|x64.ActiveCfg = RelWithDebInfo|x64
		{A34075FC-00FD-3F93-AEC4-B6E6A3709B61}.RelWithDebInfo|x64.Build.0 = RelWithDebInfo|x64
		{0646AD54-E6E2-334E-B335-2B888ABDB54F}.Debug|x64.ActiveCfg = Debug|x64
		{0646AD54-E6E2-334E-B335-2B888ABDB54F}.Debug|x64.Build.0 = Debug|x64
		{0646AD54-E6E2-334E-B335-2B888ABDB54F}.Release|x64.ActiveCfg = Release|x64
		{0646AD54-E6E2-334E-B335-2B888ABDB54F}.Release|x64.Build.0 = Release|x64
		{0646AD54-E6E2-334E-B335-2B888ABDB54F}.MinSizeRel|x64.ActiveCfg = MinSizeRel|x64
		{0646AD54-E6E2-334E-B335-2B888ABDB54F}.MinSizeRel|x64.Build.0 = MinSizeRel|x64
		{0646AD54-E6E2-334E-B335-2B888ABDB54F}.RelWithDebInfo|x64.ActiveCfg = RelWithDebInfo|x64
		{0646AD54-E6E2-334E-B335-2B888ABDB54F}.RelWithDebInfo|x64.Build.0 = RelWithDebInfo|x64
		{52E9377A-D2AA-39CE-8EA2-FBFAB1A8801D}.Debug|x64.ActiveCfg = Debug|x64
		{52E9377A-D2AA-39CE-8EA2-FBFAB1A8801D}.Debug|x64.Build.0 = Debug|x64
		{52E9377A-D2AA-39CE-8EA2-FBFAB1A8801D}.Release|x64.ActiveCfg = Release|x64
		{52E9377A-D2AA-39CE-8EA2-FBFAB1A8801D}.Release|x64.Build.0 = Release|x64
		{52E9377A-D2AA-39CE-8EA2-FBFAB1A8801D}.MinSizeRel|x64.ActiveCfg = MinSizeRel|x64
		{52E9377A-D2AA-39CE-8EA2-FBFAB1A8801D}.MinSizeRel|x64.Build.0 = MinSizeRel|x64
		{52E9377A-D2AA-39CE-8EA2-FBFAB1A8801D}.RelWithDebInfo|x64.ActiveCfg = RelWithDebInfo|x64
		{52E9377A-D2AA-39CE-8EA2-FBFAB1A8801D}.RelWithDebInfo|x64.Build.0 = RelWithDebInfo|x64
		{5CD74DA5-F2C6-318F-975D-FE4E91B04D12}.Debug|x64.ActiveCfg = Debug|x64
		{5CD74DA5-F2C6-318F-975D-FE4E91B04D12}.Debug|x64.Build.0 = Debug|x64
		{5CD74DA5-F2C6-318F-975D-FE4E91B04D12}.Release|x64.ActiveCfg = Release|x64
		{5CD74DA5-F2C6-318F-975D-FE4E91B04D12}.Release|x64.Build.0 = Release|x64
		{5CD74DA5-F2C6-318F-975D-FE4E91B04D12}.MinSizeRel|x64.ActiveCfg = MinSizeRel|x64
		{5CD74DA5-F2C6-318F-975D-FE4E91B04D12}.MinSizeRel|x64.Build.0 = MinSizeRel|x64
		{5CD74DA5-F2C6-318F-975D-FE4E91B04D12}.RelWithDebInfo|x64.ActiveCfg = RelWithDebInfo|x64
		{5CD74DA5-F2C6-318F-975D-FE4E91B04D12}.RelWithDebInfo|x64.Build.0 = RelWithDebInfo|x64
		{CF8262A1-CC53-3F56-AB60-EBB3689AD6D5}.Debug|x64.ActiveCfg = Debug|x64
		{CF8262A1-CC53-3F56-AB60-EBB3689AD6D5}.Debug|x64.Build.0 = Debug|x64
		{CF8262A1-CC53-3F56-AB60-EBB3689AD6D5}.Release|x64.ActiveCfg = Release|x64
		{CF8262A1-CC53-3F56-AB60-EBB3689AD6D5}.Release|x64.Build.0 = Release|x64
		{CF8262A1-CC53-3F56-AB60-EBB3689AD6D5}.MinSizeRel|x64.ActiveCfg = MinSizeRel|x64
		{CF8262A1-CC53-3F56-AB60-EBB3689AD6D5}.MinSizeRel|x64.Build.0 = MinSizeRel|x64
		{CF8262A1-CC53-3F56-AB60-EBB3689AD6D5}.RelWithDebInfo|x64.ActiveCfg = RelWithDebInfo|x64
		{CF8262A1-CC53-3F56-AB60-EBB3689AD6D5}.RelWithDebInfo|x64.Build.0 = RelWithDebInfo|x64
		{6E8FB615-23D2-3199-B96A-AE7EB7B399C2}.Debug|x64.ActiveCfg = Debug|x64
		{6E8FB615-23D2-3199-B96A-AE7EB7B399C2}.Debug|x64.Build.0 = Debug|x64
		{6E8FB615-23D2-3199-B96A-AE7EB7B399C2}.Release|x64.ActiveCfg = Release|x64
		{6E8FB615-23D2-3199-B96A-AE7EB7B399C2}.Release|x64.Build.0 = Release|x64
		{6E8FB615-23D2-3199-B96A-AE7EB7B399C2}.MinSizeRel|x64.ActiveCfg = MinSizeRel|x64
		{6E8FB615-23D2-3199-B96A-AE7EB7B399C2}.MinSizeRel|x64.Build.0 = MinSizeRel|x64
		{6E8FB615-23D2-3199-B96A-AE7EB7B399C2}.RelWithDebInfo|x64.ActiveCfg = RelWithDebInfo|x64
		{6E8FB615-23D2-3199-B96A-AE7EB7B399C2}.RelWithDebInfo|x64.Build.0 = RelWithDebInfo|x64
		{EAEF1CE3-5C96-3DD9-A92E-F9D78B90F86F}.Debug|x64.ActiveCfg = Debug|x64
		{EAEF1CE3-5C96-3DD9-A92E-F9D78B90F86F}.Debug|x64.Build.0 = Debug|x64
		{EAEF1CE3-5C96-3DD9-A92E-F9D78B90F86F}.Release|x64.ActiveCfg = Release|x64
		{EAEF1CE3-5C96-3DD9-A92E-F9D78B90F86F}.Release|x64.Build.0 = Release|x64
		{EAEF1CE3-5C96-3DD9-A92E-F9D78B90F86F}.MinSizeRel|x64.ActiveCfg = MinSizeRel|x64
		{EAEF1CE3-5C96-3DD9-A92E-F9D78B90F86F}.MinSizeRel|x64.Build.0 = MinSizeRel|x64
		{EAEF1CE3-5C96-3DD9-A92E-F9D78B90F86F}.RelWithDebInfo|x64.ActiveCfg = RelWithDebInfo|x64
		{EAEF1CE3-5C96-3DD9-A92E-F9D78B90F86F}.RelWithDebInfo|x64.Build.0 = RelWithDebInfo|x64
		{2B20636D-2E5B-376E-B72A-7E55D348F0A7}.Debug|x64.ActiveCfg = Debug|x64
		{2B20636D-2E5B-376E-B72A-7E55D348F0A7}.Debug|x64.Build.0 = Debug|x64
		{2B20636D-2E5B-376E-B72A-7E55D348F0A7}.Release|x64.ActiveCfg = Release|x64
		{2B20636D-2E5B-376E-B72A-7E55D348F0A7}.Release|x64.Build.0 = Release|x64
		{2B20636D-2E5B-376E-B72A-7E55D348F0A7}.MinSizeRel|x64.ActiveCfg = MinSizeRel|x64
		{2B20636D-2E5B-376E-B72A-7E55D348F0A7}.MinSizeRel|x64.Build.0 = MinSizeRel|x64
		{2B20636D-2E5B-376E-B72A-7E55D348F0A7}.RelWithDebInfo|x64.ActiveCfg = RelWithDebInfo|x64
		{2B20636D-2E5B-376E-B72A-7E55D348F0A7}.RelWithDebInfo|x64.Build.0 = RelWithDebInfo|x64
		{BD31E6C7-E5BA-3B93-A612-99D6494E31D1}.Debug|x64.ActiveCfg = Debug|x64
		{BD31E6C7-E5BA-3B93-A612-99D6494E31D1}.Debug|x64.Build.0 = Debug|x64
		{BD31E6C7-E5BA-3B93-A612-99D6494E31D1}.Release|x64.ActiveCfg = Release|x64
		{BD31E6C7-E5BA-3B93-A612-99D6494E31D1}.Release|x64.Build.0 = Release|x64
		{BD31E6C7-E5BA-3B93-A612-99D6494E31D1}.MinSizeRel|x64.ActiveCfg = MinSizeRel|x64
		{BD31E6C7-E5BA-3B93-A612-99D6494E31D1}.MinSizeRel|x64.Build.0 = MinSizeRel|x64
		{BD31E6C7-E5BA-3B93-A612-99D6494E31D1}.RelWithDebInfo|x64.ActiveCfg = RelWithDebInfo|x64
		{BD31E6C7-E5BA-3B93-A612-99D6494E31D1}.RelWithDebInfo|x64.Build.0 = RelWithDebInfo|x64
		{892489DF-F1FF-3CF4-999B-2B4707900E19}.Debug|x64.ActiveCfg = Debug|x64
		{892489DF-F1FF-3CF4-999B-2B4707900E19}.Debug|x64.Build.0 = Debug|x64
		{892489DF-F1FF-3CF4-999B-2B4707900E19}.Release|x64.ActiveCfg = Release|x64
		{892489DF-F1FF-3CF4-999B-2B4707900E19}.Release|x64.Build.0 = Release|x64
		{892489DF-F1FF-3CF4-999B-2B4707900E19}.MinSizeRel|x64.ActiveCfg = MinSizeRel|x64
		{892489DF-F1FF-3CF4-999B-2B4707900E19}.MinSizeRel|x64.Build.0 = MinSizeRel|x64
		{892489DF-F1FF-3CF4-999B-2B4707900E19}.RelWithDebInfo|x64.ActiveCfg = RelWithDebInfo|x64
		{892489DF-F1FF-3CF4-999B-2B4707900E19}.RelWithDebInfo|x64.Build.0 = RelWithDebInfo|x64
		{786B111A-8F25-3018-B657-034523E7A65A}.Debug|x64.ActiveCfg = Debug|x64
		{786B111A-8F25-3018-B657-034523E7A65A}.Debug|x64.Build.0 = Debug|x64
		{786B111A-8F25-3018-B657-034523E7A65A}.Release|x64.ActiveCfg = Release|x64
		{786B111A-8F25-3018-B657-034523E7A65A}.Release|x64.Build.0 = Release|x64
		{786B111A-8F25-3018-B657-034523E7A65A}.MinSizeRel|x64.ActiveCfg = MinSizeRel|x64
		{786B111A-8F25-3018-B657-034523E7A65A}.MinSizeRel|x64.Build.0 = MinSizeRel|x64
		{786B111A-8F25-3018-B657-034523E7A65A}.RelWithDebInfo|x64.ActiveCfg = RelWithDebInfo|x64
		{786B111A-8F25-3018-B657-034523E7A65A}.RelWithDebInfo|x64.Build.0 = RelWithDebInfo|x64
		{6859A805-B17C-3039-8691-6C21E1A70434}.Debug|x64.ActiveCfg = Debug|x64
		{6859A805-B17C-3039-8691-6C21E1A70434}.Debug|x64.Build.0 = Debug|x64
		{6859A805-B17C-3039-8691-6C21E1A70434}.Release|x64.ActiveCfg = Release|x64
		{6859A805-B17C-3039-8691-6C21E1A70434}.Release|x64.Build.0 = Release|x64
		{6859A805-B17C-3039-8691-6C21E1A70434}.MinSizeRel|x64.ActiveCfg = MinSizeRel|x64
		{6859A805-B17C-3039-8691-6C21E1A70434}.MinSizeRel|x64.Build.0 = MinSizeRel|x64
		{6859A805-B17C-3039-8691-6C21E1A70434}.RelWithDebInfo|x64.ActiveCfg = RelWithDebInfo|x64
		{6859A805-B17C-3039-8691-6C21E1A70434}.RelWithDebInfo|x64.Build.0 = RelWithDebInfo|x64
		{DC6E0623-7797-3E84-AC37-183A1EC0DBE0}.Debug|x64.ActiveCfg = Debug|x64
		{DC6E0623-7797-3E84-AC37-183A1EC0DBE0}.Debug|x64.Build.0 = Debug|x64
		{DC6E0623-7797-3E84-AC37-183A1EC0DBE0}.Release|x64.ActiveCfg = Release|x64
		{DC6E0623-7797-3E84-AC37-183A1EC0DBE0}.Release|x64.Build.0 = Release|x64
		{DC6E0623-7797-3E84-AC37-183A1EC0DBE0}.MinSizeRel|x64.ActiveCfg = MinSizeRel|x64
		{DC6E0623-7797-3E84-AC37-183A1EC0DBE0}.MinSizeRel|x64.Build.0 = MinSizeRel|x64
		{DC6E0623-7797-3E84-AC37-183A1EC0DBE0}.RelWithDebInfo|x64.ActiveCfg = RelWithDebInfo|x64
		{DC6E0623-7797-3E84-AC37-183A1EC0DBE0}.RelWithDebInfo|x64.Build.0 = RelWithDebInfo|x64
		{D409E9C7-FF3B-325C-BE3F-40178BFA1D18}.Debug|x64.ActiveCfg = Debug|x64
		{D409E9C7-FF3B-325C-BE3F-40178BFA1D18}.Release|x64.ActiveCfg = Release|x64
		{D409E9C7-FF3B-325C-BE3F-40178BFA1D18}.MinSizeRel|x64.ActiveCfg = MinSizeRel|x64
		{D409E9C7-FF3B-325C-BE3F-40178BFA1D18}.RelWithDebInfo|x64.ActiveCfg = RelWithDebInfo|x64
		{7E448418-ADB4-3E9B-9055-0FE4CFD59646}.Debug|x64.ActiveCfg = Debug|x64
		{7E448418-ADB4-3E9B-9055-0FE4CFD59646}.Debug|x64.Build.0 = Debug|x64
		{7E448418-ADB4-3E9B-9055-0FE4CFD59646}.Release|x64.ActiveCfg = Release|x64
		{7E448418-ADB4-3E9B-9055-0FE4CFD59646}.Release|x64.Build.0 = Release|x64
		{7E448418-ADB4-3E9B-9055-0FE4CFD59646}.MinSizeRel|x64.ActiveCfg = MinSizeRel|x64
		{7E448418-ADB4-3E9B-9055-0FE4CFD59646}.MinSizeRel|x64.Build.0 = MinSizeRel|x64
		{7E448418-ADB4-3E9B-9055-0FE4CFD59646}.RelWithDebInfo|x64.ActiveCfg = RelWithDebInfo|x64
		{7E448418-ADB4-3E9B-9055-0FE4CFD59646}.RelWithDebInfo|x64.Build.0 = RelWithDebInfo|x64
		{2CBC3511-8646-3068-A813-C76B86155EBD}.Debug|x64.ActiveCfg = Debug|x64
		{2CBC3511-8646-3068-A813-C76B86155EBD}.Debug|x64.Build.0 = Debug|x64
		{2CBC3511-8646-3068-A813-C76B86155EBD}.Release|x64.ActiveCfg = Release|x64
		{2CBC3511-8646-3068-A813-C76B86155EBD}.Release|x64.Build.0 = Release|x64
		{2CBC3511-8646-3068-A813-C76B86155EBD}.MinSizeRel|x64.ActiveCfg = MinSizeRel|x64
		{2CBC3511-8646-3068-A813-C76B86155EBD}.MinSizeRel|x64.Build.0 = MinSizeRel|x64
		{2CBC3511-8646-3068-A813-C76B86155EBD}.RelWithDebInfo|x64.ActiveCfg = RelWithDebInfo|x64
		{2CBC3511-8646-3068-A813-C76B86155EBD}.RelWithDebInfo|x64.Build.0 = RelWithDebInfo|x64
		{3C172894-B255-3BB6-9190-A68CB6CB0933}.Debug|x64.ActiveCfg = Debug|x64
		{3C172894-B255-3BB6-9190-A68CB6CB0933}.Debug|x64.Build.0 = Debug|x64
		{3C172894-B255-3BB6-9190-A68CB6CB0933}.Release|x64.ActiveCfg = Release|x64
		{3C172894-B255-3BB6-9190-A68CB6CB0933}.Release|x64.Build.0 = Release|x64
		{3C172894-B255-3BB6-9190-A68CB6CB0933}.MinSizeRel|x64.ActiveCfg = MinSizeRel|x64
		{3C172894-B255-3BB6-9190-A68CB6CB0933}.MinSizeRel|x64.Build.0 = MinSizeRel|x64
		{3C172894-B255-3BB6-9190-A68CB6CB0933}.RelWithDebInfo|x64.ActiveCfg = RelWithDebInfo|x64
		{3C172894-B255-3BB6-9190-A68CB6CB0933}.RelWithDebInfo|x64.Build.0 = RelWithDebInfo|x64
		{41376A66-7E37-39D6-946C-4445C632646E}.Debug|x64.ActiveCfg = Debug|x64
		{41376A66-7E37-39D6-946C-4445C632646E}.Debug|x64.Build.0 = Debug|x64
		{41376A66-7E37-39D6-946C-4445C632646E}.Release|x64.ActiveCfg = Release|x64
		{41376A66-7E37-39D6-946C-4445C632646E}.Release|x64.Build.0 = Release|x64
		{41376A66-7E37-39D6-946C-4445C632646E}.MinSizeRel|x64.ActiveCfg = MinSizeRel|x64
		{41376A66-7E37-39D6-946C-4445C632646E}.MinSizeRel|x64.Build.0 = MinSizeRel|x64
		{41376A66-7E37-39D6-946C-4445C632646E}.RelWithDebInfo|x64.ActiveCfg = RelWithDebInfo|x64
		{41376A66-7E37-39D6-946C-4445C632646E}.RelWithDebInfo|x64.Build.0 = RelWithDebInfo|x64
		{40BA10D8-2490-30B8-BAE4-74ED5AE2F2B7}.Debug|x64.ActiveCfg = Debug|x64
		{40BA10D8-2490-30B8-BAE4-74ED5AE2F2B7}.Debug|x64.Build.0 = Debug|x64
		{40BA10D8-2490-30B8-BAE4-74ED5AE2F2B7}.Release|x64.ActiveCfg = Release|x64
		{40BA10D8-2490-30B8-BAE4-74ED5AE2F2B7}.Release|x64.Build.0 = Release|x64
		{40BA10D8-2490-30B8-BAE4-74ED5AE2F2B7}.MinSizeRel|x64.ActiveCfg = MinSizeRel|x64
		{40BA10D8-2490-30B8-BAE4-74ED5AE2F2B7}.MinSizeRel|x64.Build.0 = MinSizeRel|x64
		{40BA10D8-2490-30B8-BAE4-74ED5AE2F2B7}.RelWithDebInfo|x64.ActiveCfg = RelWithDebInfo|x64
		{40BA10D8-2490-30B8-BAE4-74ED5AE2F2B7}.RelWithDebInfo|x64.Build.0 = RelWithDebInfo|x64
		{6B2D374D-E820-3D0C-BF3F-EB6C743C0AF5}.Debug|x64.ActiveCfg = Debug|x64
		{6B2D374D-E820-3D0C-BF3F-EB6C743C0AF5}.Debug|x64.Build.0 = Debug|x64
		{6B2D374D-E820-3D0C-BF3F-EB6C743C0AF5}.Release|x64.ActiveCfg = Release|x64
		{6B2D374D-E820-3D0C-BF3F-EB6C743C0AF5}.Release|x64.Build.0 = Release|x64
		{6B2D374D-E820-3D0C-BF3F-EB6C743C0AF5}.MinSizeRel|x64.ActiveCfg = MinSizeRel|x64
		{6B2D374D-E820-3D0C-BF3F-EB6C743C0AF5}.MinSizeRel|x64.Build.0 = MinSizeRel|x64
		{6B2D374D-E820-3D0C-BF3F-EB6C743C0AF5}.RelWithDebInfo|x64.ActiveCfg = RelWithDebInfo|x64
		{6B2D374D-E820-3D0C-BF3F-EB6C743C0AF5}.RelWithDebInfo|x64.Build.0 = RelWithDebInfo|x64
		{7E112ACE-AE0A-3174-92EF-398657374974}.Debug|x64.ActiveCfg = Debug|x64
		{7E112ACE-AE0A-3174-92EF-398657374974}.Debug|x64.Build.0 = Debug|x64
		{7E112ACE-AE0A-3174-92EF-398657374974}.Release|x64.ActiveCfg = Release|x64
		{7E112ACE-AE0A-3174-92EF-398657374974}.Release|x64.Build.0 = Release|x64
		{7E112ACE-AE0A-3174-92EF-398657374974}.MinSizeRel|x64.ActiveCfg = MinSizeRel|x64
		{7E112ACE-AE0A-3174-92EF-398657374974}.MinSizeRel|x64.Build.0 = MinSizeRel|x64
		{7E112ACE-AE0A-3174-92EF-398657374974}.RelWithDebInfo|x64.ActiveCfg = RelWithDebInfo|x64
		{7E112ACE-AE0A-3174-92EF-398657374974}.RelWithDebInfo|x64.Build.0 = RelWithDebInfo|x64
		{25CDD33E-882E-3965-B4EC-ADE3F9DDC1AB}.Debug|x64.ActiveCfg = Debug|x64
		{25CDD33E-882E-3965-B4EC-ADE3F9DDC1AB}.Debug|x64.Build.0 = Debug|x64
		{25CDD33E-882E-3965-B4EC-ADE3F9DDC1AB}.Release|x64.ActiveCfg = Release|x64
		{25CDD33E-882E-3965-B4EC-ADE3F9DDC1AB}.Release|x64.Build.0 = Release|x64
		{25CDD33E-882E-3965-B4EC-ADE3F9DDC1AB}.MinSizeRel|x64.ActiveCfg = MinSizeRel|x64
		{25CDD33E-882E-3965-B4EC-ADE3F9DDC1AB}.MinSizeRel|x64.Build.0 = MinSizeRel|x64
		{25CDD33E-882E-3965-B4EC-ADE3F9DDC1AB}.RelWithDebInfo|x64.ActiveCfg = RelWithDebInfo|x64
		{25CDD33E-882E-3965-B4EC-ADE3F9DDC1AB}.RelWithDebInfo|x64.Build.0 = RelWithDebInfo|x64
		{E91A880D-58B8-306A-B768-A3C3C382BC0B}.Debug|x64.ActiveCfg = Debug|x64
		{E91A880D-58B8-306A-B768-A3C3C382BC0B}.Debug|x64.Build.0 = Debug|x64
		{E91A880D-58B8-306A-B768-A3C3C382BC0B}.Release|x64.ActiveCfg = Release|x64
		{E91A880D-58B8-306A-B768-A3C3C382BC0B}.Release|x64.Build.0 = Release|x64
		{E91A880D-58B8-306A-B768-A3C3C382BC0B}.MinSizeRel|x64.ActiveCfg = MinSizeRel|x64
		{E91A880D-58B8-306A-B768-A3C3C382BC0B}.MinSizeRel|x64.Build.0 = MinSizeRel|x64
		{E91A880D-58B8-306A-B768-A3C3C382BC0B}.RelWithDebInfo|x64.ActiveCfg = RelWithDebInfo|x64
		{E91A880D-58B8-306A-B768-A3C3C382BC0B}.RelWithDebInfo|x64.Build.0 = RelWithDebInfo|x64
		{EE95BA78-F16D-32F6-8CF3-2E572994A756}.Debug|x64.ActiveCfg = Debug|x64
		{EE95BA78-F16D-32F6-8CF3-2E572994A756}.Release|x64.ActiveCfg = Release|x64
		{EE95BA78-F16D-32F6-8CF3-2E572994A756}.MinSizeRel|x64.ActiveCfg = MinSizeRel|x64
		{EE95BA78-F16D-32F6-8CF3-2E572994A756}.RelWithDebInfo|x64.ActiveCfg = RelWithDebInfo|x64
		{5636DC03-ABC9-3462-A248-05A07910C4CC}.Debug|x64.ActiveCfg = Debug|x64
		{5636DC03-ABC9-3462-A248-05A07910C4CC}.Debug|x64.Build.0 = Debug|x64
		{5636DC03-ABC9-3462-A248-05A07910C4CC}.Release|x64.ActiveCfg = Release|x64
		{5636DC03-ABC9-3462-A248-05A07910C4CC}.Release|x64.Build.0 = Release|x64
		{5636DC03-ABC9-3462-A248-05A07910C4CC}.MinSizeRel|x64.ActiveCfg = MinSizeRel|x64
		{5636DC03-ABC9-3462-A248-05A07910C4CC}.MinSizeRel|x64.Build.0 = MinSizeRel|x64
		{5636DC03-ABC9-3462-A248-05A07910C4CC}.RelWithDebInfo|x64.ActiveCfg = RelWithDebInfo|x64
		{5636DC03-ABC9-3462-A248-05A07910C4CC}.RelWithDebInfo|x64.Build.0 = RelWithDebInfo|x64
		{7585D6AF-9936-32A7-B00B-17B6FA818EB0}.Debug|x64.ActiveCfg = Debug|x64
		{7585D6AF-9936-32A7-B00B-17B6FA818EB0}.Debug|x64.Build.0 = Debug|x64
		{7585D6AF-9936-32A7-B00B-17B6FA818EB0}.Release|x64.ActiveCfg = Release|x64
		{7585D6AF-9936-32A7-B00B-17B6FA818EB0}.Release|x64.Build.0 = Release|x64
		{7585D6AF-9936-32A7-B00B-17B6FA818EB0}.MinSizeRel|x64.ActiveCfg = MinSizeRel|x64
		{7585D6AF-9936-32A7-B00B-17B6FA818EB0}.MinSizeRel|x64.Build.0 = MinSizeRel|x64
		{7585D6AF-9936-32A7-B00B-17B6FA818EB0}.RelWithDebInfo|x64.ActiveCfg = RelWithDebInfo|x64
		{7585D6AF-9936-32A7-B00B-17B6FA818EB0}.RelWithDebInfo|x64.Build.0 = RelWithDebInfo|x64
		{A9F0B9EC-40FD-3F8D-BD88-9E0DD98A214F}.Debug|x64.ActiveCfg = Debug|x64
		{A9F0B9EC-40FD-3F8D-BD88-9E0DD98A214F}.Debug|x64.Build.0 = Debug|x64
		{A9F0B9EC-40FD-3F8D-BD88-9E0DD98A214F}.Release|x64.ActiveCfg = Release|x64
		{A9F0B9EC-40FD-3F8D-BD88-9E0DD98A214F}.Release|x64.Build.0 = Release|x64
		{A9F0B9EC-40FD-3F8D-BD88-9E0DD98A214F}.MinSizeRel|x64.ActiveCfg = MinSizeRel|x64
		{A9F0B9EC-40FD-3F8D-BD88-9E0DD98A214F}.MinSizeRel|x64.Build.0 = MinSizeRel|x64
		{A9F0B9EC-40FD-3F8D-BD88-9E0DD98A214F}.RelWithDebInfo|x64.ActiveCfg = RelWithDebInfo|x64
		{A9F0B9EC-40FD-3F8D-BD88-9E0DD98A214F}.RelWithDebInfo|x64.Build.0 = RelWithDebInfo|x64
		{57BC4120-72D8-34FC-8D5D-A7FDB454EE93}.Debug|x64.ActiveCfg = Debug|x64
		{57BC4120-72D8-34FC-8D5D-A7FDB454EE93}.Debug|x64.Build.0 = Debug|x64
		{57BC4120-72D8-34FC-8D5D-A7FDB454EE93}.Release|x64.ActiveCfg = Release|x64
		{57BC4120-72D8-34FC-8D5D-A7FDB454EE93}.Release|x64.Build.0 = Release|x64
		{57BC4120-72D8-34FC-8D5D-A7FDB454EE93}.MinSizeRel|x64.ActiveCfg = MinSizeRel|x64
		{57BC4120-72D8-34FC-8D5D-A7FDB454EE93}.MinSizeRel|x64.Build.0 = MinSizeRel|x64
		{57BC4120-72D8-34FC-8D5D-A7FDB454EE93}.RelWithDebInfo|x64.ActiveCfg = RelWithDebInfo|x64
		{57BC4120-72D8-34FC-8D5D-A7FDB454EE93}.RelWithDebInfo|x64.Build.0 = RelWithDebInfo|x64
		{3A1F4025-A790-3D96-8151-320617427996}.Debug|x64.ActiveCfg = Debug|x64
		{3A1F4025-A790-3D96-8151-320617427996}.Debug|x64.Build.0 = Debug|x64
		{3A1F4025-A790-3D96-8151-320617427996}.Release|x64.ActiveCfg = Release|x64
		{3A1F4025-A790-3D96-8151-320617427996}.Release|x64.Build.0 = Release|x64
		{3A1F4025-A790-3D96-8151-320617427996}.MinSizeRel|x64.ActiveCfg = MinSizeRel|x64
		{3A1F4025-A790-3D96-8151-320617427996}.MinSizeRel|x64.Build.0 = MinSizeRel|x64
		{3A1F4025-A790-3D96-8151-320617427996}.RelWithDebInfo|x64.ActiveCfg = RelWithDebInfo|x64
		{3A1F4025-A790-3D96-8151-320617427996}.RelWithDebInfo|x64.Build.0 = RelWithDebInfo|x64
		{D5674E06-F4DE-37F3-AD5F-6349D4A0E401}.Debug|x64.ActiveCfg = Debug|x64
		{D5674E06-F4DE-37F3-AD5F-6349D4A0E401}.Debug|x64.Build.0 = Debug|x64
		{D5674E06-F4DE-37F3-AD5F-6349D4A0E401}.Release|x64.ActiveCfg = Release|x64
		{D5674E06-F4DE-37F3-AD5F-6349D4A0E401}.Release|x64.Build.0 = Release|x64
		{D5674E06-F4DE-37F3-AD5F-6349D4A0E401}.MinSizeRel|x64.ActiveCfg = MinSizeRel|x64
		{D5674E06-F4DE-37F3-AD5F-6349D4A0E401}.MinSizeRel|x64.Build.0 = MinSizeRel|x64
		{D5674E06-F4DE-37F3-AD5F-6349D4A0E401}.RelWithDebInfo|x64.ActiveCfg = RelWithDebInfo|x64
		{D5674E06-F4DE-37F3-AD5F-6349D4A0E401}.RelWithDebInfo|x64.Build.0 = RelWithDebInfo|x64
		{13ADD2A1-C120-32D1-BE5D-48C6A3DCA8A6}.Debug|x64.ActiveCfg = Debug|x64
		{13ADD2A1-C120-32D1-BE5D-48C6A3DCA8A6}.Debug|x64.Build.0 = Debug|x64
		{13ADD2A1-C120-32D1-BE5D-48C6A3DCA8A6}.Release|x64.ActiveCfg = Release|x64
		{13ADD2A1-C120-32D1-BE5D-48C6A3DCA8A6}.Release|x64.Build.0 = Release|x64
		{13ADD2A1-C120-32D1-BE5D-48C6A3DCA8A6}.MinSizeRel|x64.ActiveCfg = MinSizeRel|x64
		{13ADD2A1-C120-32D1-BE5D-48C6A3DCA8A6}.MinSizeRel|x64.Build.0 = MinSizeRel|x64
		{13ADD2A1-C120-32D1-BE5D-48C6A3DCA8A6}.RelWithDebInfo|x64.ActiveCfg = RelWithDebInfo|x64
		{13ADD2A1-C120-32D1-BE5D-48C6A3DCA8A6}.RelWithDebInfo|x64.Build.0 = RelWithDebInfo|x64
		{004DFBA9-BAB2-3D52-A2BC-3F315C59917F}.Debug|x64.ActiveCfg = Debug|x64
		{004DFBA9-BAB2-3D52-A2BC-3F315C59917F}.Debug|x64.Build.0 = Debug|x64
		{004DFBA9-BAB2-3D52-A2BC-3F315C59917F}.Release|x64.ActiveCfg = Release|x64
		{004DFBA9-BAB2-3D52-A2BC-3F315C59917F}.Release|x64.Build.0 = Release|x64
		{004DFBA9-BAB2-3D52-A2BC-3F315C59917F}.MinSizeRel|x64.ActiveCfg = MinSizeRel|x64
		{004DFBA9-BAB2-3D52-A2BC-3F315C59917F}.MinSizeRel|x64.Build.0 = MinSizeRel|x64
		{004DFBA9-BAB2-3D52-A2BC-3F315C59917F}.RelWithDebInfo|x64.ActiveCfg = RelWithDebInfo|x64
		{004DFBA9-BAB2-3D52-A2BC-3F315C59917F}.RelWithDebInfo|x64.Build.0 = RelWithDebInfo|x64
		{28B4E8BA-75E9-3634-A273-F0F6F32E6A6F}.Debug|x64.ActiveCfg = Debug|x64
		{28B4E8BA-75E9-3634-A273-F0F6F32E6A6F}.Debug|x64.Build.0 = Debug|x64
		{28B4E8BA-75E9-3634-A273-F0F6F32E6A6F}.Release|x64.ActiveCfg = Release|x64
		{28B4E8BA-75E9-3634-A273-F0F6F32E6A6F}.Release|x64.Build.0 = Release|x64
		{28B4E8BA-75E9-3634-A273-F0F6F32E6A6F}.MinSizeRel|x64.ActiveCfg = MinSizeRel|x64
		{28B4E8BA-75E9-3634-A273-F0F6F32E6A6F}.MinSizeRel|x64.Build.0 = MinSizeRel|x64
		{28B4E8BA-75E9-3634-A273-F0F6F32E6A6F}.RelWithDebInfo|x64.ActiveCfg = RelWithDebInfo|x64
		{28B4E8BA-75E9-3634-A273-F0F6F32E6A6F}.RelWithDebInfo|x64.Build.0 = RelWithDebInfo|x64
		{2AED2150-94B4-3084-8BAF-55543F420121}.Debug|x64.ActiveCfg = Debug|x64
		{2AED2150-94B4-3084-8BAF-55543F420121}.Debug|x64.Build.0 = Debug|x64
		{2AED2150-94B4-3084-8BAF-55543F420121}.Release|x64.ActiveCfg = Release|x64
		{2AED2150-94B4-3084-8BAF-55543F420121}.Release|x64.Build.0 = Release|x64
		{2AED2150-94B4-3084-8BAF-55543F420121}.MinSizeRel|x64.ActiveCfg = MinSizeRel|x64
		{2AED2150-94B4-3084-8BAF-55543F420121}.MinSizeRel|x64.Build.0 = MinSizeRel|x64
		{2AED2150-94B4-3084-8BAF-55543F420121}.RelWithDebInfo|x64.ActiveCfg = RelWithDebInfo|x64
		{2AED2150-94B4-3084-8BAF-55543F420121}.RelWithDebInfo|x64.Build.0 = RelWithDebInfo|x64
		{B26C9D05-9517-3C67-A087-DB4C0691E248}.Debug|x64.ActiveCfg = Debug|x64
		{B26C9D05-9517-3C67-A087-DB4C0691E248}.Debug|x64.Build.0 = Debug|x64
		{B26C9D05-9517-3C67-A087-DB4C0691E248}.Release|x64.ActiveCfg = Release|x64
		{B26C9D05-9517-3C67-A087-DB4C0691E248}.Release|x64.Build.0 = Release|x64
		{B26C9D05-9517-3C67-A087-DB4C0691E248}.MinSizeRel|x64.ActiveCfg = MinSizeRel|x64
		{B26C9D05-9517-3C67-A087-DB4C0691E248}.MinSizeRel|x64.Build.0 = MinSizeRel|x64
		{B26C9D05-9517-3C67-A087-DB4C0691E248}.RelWithDebInfo|x64.ActiveCfg = RelWithDebInfo|x64
		{B26C9D05-9517-3C67-A087-DB4C0691E248}.RelWithDebInfo|x64.Build.0 = RelWithDebInfo|x64
		{3B5FB494-8608-3EC9-97B1-41FB57ACB90E}.Debug|x64.ActiveCfg = Debug|x64
		{3B5FB494-8608-3EC9-97B1-41FB57ACB90E}.Debug|x64.Build.0 = Debug|x64
		{3B5FB494-8608-3EC9-97B1-41FB57ACB90E}.Release|x64.ActiveCfg = Release|x64
		{3B5FB494-8608-3EC9-97B1-41FB57ACB90E}.Release|x64.Build.0 = Release|x64
		{3B5FB494-8608-3EC9-97B1-41FB57ACB90E}.MinSizeRel|x64.ActiveCfg = MinSizeRel|x64
		{3B5FB494-8608-3EC9-97B1-41FB57ACB90E}.MinSizeRel|x64.Build.0 = MinSizeRel|x64
		{3B5FB494-8608-3EC9-97B1-41FB57ACB90E}.RelWithDebInfo|x64.ActiveCfg = RelWithDebInfo|x64
		{3B5FB494-8608-3EC9-97B1-41FB57ACB90E}.RelWithDebInfo|x64.Build.0 = RelWithDebInfo|x64
		{ABA79E05-16EB-306D-BAC6-B5BAF85834D4}.Debug|x64.ActiveCfg = Debug|x64
		{ABA79E05-16EB-306D-BAC6-B5BAF85834D4}.Debug|x64.Build.0 = Debug|x64
		{ABA79E05-16EB-306D-BAC6-B5BAF85834D4}.Release|x64.ActiveCfg = Release|x64
		{ABA79E05-16EB-306D-BAC6-B5BAF85834D4}.Release|x64.Build.0 = Release|x64
		{ABA79E05-16EB-306D-BAC6-B5BAF85834D4}.MinSizeRel|x64.ActiveCfg = MinSizeRel|x64
		{ABA79E05-16EB-306D-BAC6-B5BAF85834D4}.MinSizeRel|x64.Build.0 = MinSizeRel|x64
		{ABA79E05-16EB-306D-BAC6-B5BAF85834D4}.RelWithDebInfo|x64.ActiveCfg = RelWithDebInfo|x64
		{ABA79E05-16EB-306D-BAC6-B5BAF85834D4}.RelWithDebInfo|x64.Build.0 = RelWithDebInfo|x64
	EndGlobalSection
	GlobalSection(ExtensibilityGlobals) = postSolution
		SolutionGuid = {D2E198AD-4318-3C82-B956-DC2D5B1AEF77}
	EndGlobalSection
	GlobalSection(ExtensibilityAddIns) = postSolution
	EndGlobalSection
EndGlobal
