<?xml version="1.0" encoding="utf-8"?>
<Project ToolsVersion="17.0" xmlns="http://schemas.microsoft.com/developer/msbuild/2003">
  <ItemGroup>
    <ClCompile Include="C:\Users\colin\Documents\far-to-go\Math\blMathUtils.cpp">
      <Filter>Source Files</Filter>
    </ClCompile>
    <ClCompile Include="C:\Users\colin\Documents\far-to-go\Math\blTransform.cpp">
      <Filter>Source Files</Filter>
    </ClCompile>
  </ItemGroup>
  <ItemGroup>
    <ClInclude Include="C:\Users\colin\Documents\far-to-go\Math\blMath.inl">
      <Filter>Header Files</Filter>
    </ClInclude>
    <ClInclude Include="C:\Users\colin\Documents\far-to-go\Math\blMath3D.inl">
      <Filter>Header Files</Filter>
    </ClInclude>
    <ClInclude Include="C:\Users\colin\Documents\far-to-go\Math\blLine.inl">
      <Filter>Header Files</Filter>
    </ClInclude>
    <ClInclude Include="C:\Users\colin\Documents\far-to-go\Math\blLineSegment.inl">
      <Filter>Header Files</Filter>
    </ClInclude>
    <ClInclude Include="C:\Users\colin\Documents\far-to-go\Math\blMatrix2x2.inl">
      <Filter>Header Files</Filter>
    </ClInclude>
    <ClInclude Include="C:\Users\colin\Documents\far-to-go\Math\blMatrix2x3.inl">
      <Filter>Header Files</Filter>
    </ClInclude>
    <ClInclude Include="C:\Users\colin\Documents\far-to-go\Math\blMatrix3x3.inl">
      <Filter>Header Files</Filter>
    </ClInclude>
    <ClInclude Include="C:\Users\colin\Documents\far-to-go\Math\blMatrix4x4.inl">
      <Filter>Header Files</Filter>
    </ClInclude>
    <ClInclude Include="C:\Users\colin\Documents\far-to-go\Math\blPlane.inl">
      <Filter>Header Files</Filter>
    </ClInclude>
    <ClInclude Include="C:\Users\colin\Documents\far-to-go\Math\blPoint3.inl">
      <Filter>Header Files</Filter>
    </ClInclude>
    <ClInclude Include="C:\Users\colin\Documents\far-to-go\Math\blQuad.inl">
      <Filter>Header Files</Filter>
    </ClInclude>
    <ClInclude Include="C:\Users\colin\Documents\far-to-go\Math\blQuaternion.inl">
      <Filter>Header Files</Filter>
    </ClInclude>
    <ClInclude Include="C:\Users\colin\Documents\far-to-go\Math\blRay.inl">
      <Filter>Header Files</Filter>
    </ClInclude>
    <ClInclude Include="C:\Users\colin\Documents\far-to-go\Math\blRotation.inl">
      <Filter>Header Files</Filter>
    </ClInclude>
    <ClInclude Include="C:\Users\colin\Documents\far-to-go\Math\blRect.inl">
      <Filter>Header Files</Filter>
    </ClInclude>
    <ClInclude Include="C:\Users\colin\Documents\far-to-go\Math\blTransform.h">
      <Filter>Header Files</Filter>
    </ClInclude>
    <ClInclude Include="C:\Users\colin\Documents\far-to-go\Math\blVector2.inl">
      <Filter>Header Files</Filter>
    </ClInclude>
    <ClInclude Include="C:\Users\colin\Documents\far-to-go\Math\blVector3.inl">
      <Filter>Header Files</Filter>
    </ClInclude>
    <ClInclude Include="C:\Users\colin\Documents\far-to-go\Math\blVector4.inl">
      <Filter>Header Files</Filter>
    </ClInclude>
  </ItemGroup>
  <ItemGroup>
    <CustomBuild Include="C:\Users\colin\Documents\far-to-go\Math\CMakeLists.txt" />
  </ItemGroup>
  <ItemGroup>
    <Filter Include="Header Files">
      <UniqueIdentifier>{43980808-A84C-3F0A-AF5F-E2688241C3D0}</UniqueIdentifier>
    </Filter>
    <Filter Include="Source Files">
      <UniqueIdentifier>{91D10FF5-527F-3B01-918E-1033967A4265}</UniqueIdentifier>
    </Filter>
  </ItemGroup>
</Project>
