<?xml version="1.0" encoding="utf-8"?>
<Project ToolsVersion="17.0" xmlns="http://schemas.microsoft.com/developer/msbuild/2003">
  <ItemGroup>
    <ClCompile Include="C:\Users\colin\Documents\far-to-go\MathTests\Line.cpp">
      <Filter>Source Files</Filter>
    </ClCompile>
    <ClCompile Include="C:\Users\colin\Documents\far-to-go\MathTests\LineSegment.cpp">
      <Filter>Source Files</Filter>
    </ClCompile>
    <ClCompile Include="C:\Users\colin\Documents\far-to-go\MathTests\main.cpp">
      <Filter>Source Files</Filter>
    </ClCompile>
    <ClCompile Include="C:\Users\colin\Documents\far-to-go\MathTests\Math.cpp">
      <Filter>Source Files</Filter>
    </ClCompile>
    <ClCompile Include="C:\Users\colin\Documents\far-to-go\MathTests\Matrix2x2.cpp">
      <Filter>Source Files</Filter>
    </ClCompile>
    <ClCompile Include="C:\Users\colin\Documents\far-to-go\MathTests\Matrix2x3.cpp">
      <Filter>Source Files</Filter>
    </ClCompile>
    <ClCompile Include="C:\Users\colin\Documents\far-to-go\MathTests\Matrix3x3.cpp">
      <Filter>Source Files</Filter>
    </ClCompile>
    <ClCompile Include="C:\Users\colin\Documents\far-to-go\MathTests\Matrix4x4.cpp">
      <Filter>Source Files</Filter>
    </ClCompile>
    <ClCompile Include="C:\Users\colin\Documents\far-to-go\MathTests\Point3.cpp">
      <Filter>Source Files</Filter>
    </ClCompile>
    <ClCompile Include="C:\Users\colin\Documents\far-to-go\MathTests\Quad.cpp">
      <Filter>Source Files</Filter>
    </ClCompile>
    <ClCompile Include="C:\Users\colin\Documents\far-to-go\MathTests\Quaternion.cpp">
      <Filter>Source Files</Filter>
    </ClCompile>
    <ClCompile Include="C:\Users\colin\Documents\far-to-go\MathTests\Ray.cpp">
      <Filter>Source Files</Filter>
    </ClCompile>
    <ClCompile Include="C:\Users\colin\Documents\far-to-go\MathTests\Rotation.cpp">
      <Filter>Source Files</Filter>
    </ClCompile>
    <ClCompile Include="C:\Users\colin\Documents\far-to-go\MathTests\Rect.cpp">
      <Filter>Source Files</Filter>
    </ClCompile>
    <ClCompile Include="C:\Users\colin\Documents\far-to-go\MathTests\Transformations.cpp">
      <Filter>Source Files</Filter>
    </ClCompile>
    <ClCompile Include="C:\Users\colin\Documents\far-to-go\MathTests\Vector2.cpp">
      <Filter>Source Files</Filter>
    </ClCompile>
    <ClCompile Include="C:\Users\colin\Documents\far-to-go\MathTests\Vector3.cpp">
      <Filter>Source Files</Filter>
    </ClCompile>
  </ItemGroup>
  <ItemGroup>
    <CustomBuild Include="C:\Users\colin\Documents\far-to-go\MathTests\CMakeLists.txt" />
  </ItemGroup>
  <ItemGroup>
    <Filter Include="Source Files">
      <UniqueIdentifier>{91D10FF5-527F-3B01-918E-1033967A4265}</UniqueIdentifier>
    </Filter>
  </ItemGroup>
</Project>
