
Microsoft Visual Studio Solution File, Format Version 12.00
# Visual Studio Version 17
VisualStudioVersion = 17.4.33122.133
MinimumVisualStudioVersion = 10.0.40219.1
Project("{8BC9CEB8-8B4A-11D0-8D11-00A0C91BC942}") = "Game", "FarToGo.vcxproj", "{8306D0F6-010C-464E-93D4-8679CEB0E80A}"
EndProject
Project("{8BC9CEB8-8B4A-11D0-8D11-00A0C91BC942}") = "Rendering", "..\Rendering\Rendering.vcxproj", "{5211FB11-BB32-4C29-A55A-0956916ABD34}"
EndProject
Project("{8BC9CEB8-8B4A-11D0-8D11-00A0C91BC942}") = "RenderingTests", "..\RenderingTests\RenderingTests.vcxproj", "{8BB9B575-30B0-40E4-8037-E00A0503C172}"
EndProject
Project("{8BC9CEB8-8B4A-11D0-8D11-00A0C91BC942}") = "Physics", "..\Physics\Physics.vcxproj", "{7FF8CCAF-16CB-46CF-8DDD-A0F08E70DF34}"
EndProject
Project("{8BC9CEB8-8B4A-11D0-8D11-00A0C91BC942}") = "PhysicsTests", "..\PhysicsTests\PhysicsTests.vcxproj", "{269F7BC4-4361-496E-AFDF-657C7A9AF376}"
EndProject
Project("{8BC9CEB8-8B4A-11D0-8D11-00A0C91BC942}") = "Math", "..\Math\Math.vcxproj", "{1AE81917-A907-4F41-8ECA-A2F97D04E97A}"
EndProject
Project("{8BC9CEB8-8B4A-11D0-8D11-00A0C91BC942}") = "MathTests", "..\MathTests\MathTests.vcxproj", "{07A9E8AE-3250-4937-8BB3-0182A5B34650}"
EndProject
Project("{8BC9CEB8-8B4A-11D0-8D11-00A0C91BC942}") = "Scripting", "..\Scripting\Scripting.vcxproj", "{EE17ADC5-7F0B-4764-8FDC-F6FCF6D298BF}"
EndProject
Project("{8BC9CEB8-8B4A-11D0-8D11-00A0C91BC942}") = "ScriptingTests", "..\ScriptingTests\ScriptingTests.vcxproj", "{14A59B74-F72E-4816-B606-F4464AD764B6}"
EndProject
Global
	GlobalSection(SolutionConfigurationPlatforms) = preSolution
		Debug|x64 = Debug|x64
		Debug|x86 = Debug|x86
		Release|x64 = Release|x64
		Release|x86 = Release|x86
	EndGlobalSection
	GlobalSection(ProjectConfigurationPlatforms) = postSolution
		{8306D0F6-010C-464E-93D4-8679CEB0E80A}.Debug|x64.ActiveCfg = Debug|x64
		{8306D0F6-010C-464E-93D4-8679CEB0E80A}.Debug|x64.Build.0 = Debug|x64
		{8306D0F6-010C-464E-93D4-8679CEB0E80A}.Debug|x86.ActiveCfg = Debug|Win32
		{8306D0F6-010C-464E-93D4-8679CEB0E80A}.Debug|x86.Build.0 = Debug|Win32
		{8306D0F6-010C-464E-93D4-8679CEB0E80A}.Release|x64.ActiveCfg = Release|x64
		{8306D0F6-010C-464E-93D4-8679CEB0E80A}.Release|x64.Build.0 = Release|x64
		{8306D0F6-010C-464E-93D4-8679CEB0E80A}.Release|x86.ActiveCfg = Release|Win32
		{8306D0F6-010C-464E-93D4-8679CEB0E80A}.Release|x86.Build.0 = Release|Win32
		{5211FB11-BB32-4C29-A55A-0956916ABD34}.Debug|x64.ActiveCfg = Debug|x64
		{5211FB11-BB32-4C29-A55A-0956916ABD34}.Debug|x64.Build.0 = Debug|x64
		{5211FB11-BB32-4C29-A55A-0956916ABD34}.Debug|x86.ActiveCfg = Debug|Win32
		{5211FB11-BB32-4C29-A55A-0956916ABD34}.Debug|x86.Build.0 = Debug|Win32
		{5211FB11-BB32-4C29-A55A-0956916ABD34}.Release|x64.ActiveCfg = Release|x64
		{5211FB11-BB32-4C29-A55A-0956916ABD34}.Release|x64.Build.0 = Release|x64
		{5211FB11-BB32-4C29-A55A-0956916ABD34}.Release|x86.ActiveCfg = Release|Win32
		{5211FB11-BB32-4C29-A55A-0956916ABD34}.Release|x86.Build.0 = Release|Win32
		{8BB9B575-30B0-40E4-8037-E00A0503C172}.Debug|x64.ActiveCfg = Debug|x64
		{8BB9B575-30B0-40E4-8037-E00A0503C172}.Debug|x64.Build.0 = Debug|x64
		{8BB9B575-30B0-40E4-8037-E00A0503C172}.Debug|x86.ActiveCfg = Debug|Win32
		{8BB9B575-30B0-40E4-8037-E00A0503C172}.Debug|x86.Build.0 = Debug|Win32
		{8BB9B575-30B0-40E4-8037-E00A0503C172}.Release|x64.ActiveCfg = Release|x64
		{8BB9B575-30B0-40E4-8037-E00A0503C172}.Release|x64.Build.0 = Release|x64
		{8BB9B575-30B0-40E4-8037-E00A0503C172}.Release|x86.ActiveCfg = Release|Win32
		{8BB9B575-30B0-40E4-8037-E00A0503C172}.Release|x86.Build.0 = Release|Win32
		{7FF8CCAF-16CB-46CF-8DDD-A0F08E70DF34}.Debug|x64.ActiveCfg = Debug|x64
		{7FF8CCAF-16CB-46CF-8DDD-A0F08E70DF34}.Debug|x64.Build.0 = Debug|x64
		{7FF8CCAF-16CB-46CF-8DDD-A0F08E70DF34}.Debug|x86.ActiveCfg = Debug|Win32
		{7FF8CCAF-16CB-46CF-8DDD-A0F08E70DF34}.Debug|x86.Build.0 = Debug|Win32
		{7FF8CCAF-16CB-46CF-8DDD-A0F08E70DF34}.Release|x64.ActiveCfg = Release|x64
		{7FF8CCAF-16CB-46CF-8DDD-A0F08E70DF34}.Release|x64.Build.0 = Release|x64
		{7FF8CCAF-16CB-46CF-8DDD-A0F08E70DF34}.Release|x86.ActiveCfg = Release|Win32
		{7FF8CCAF-16CB-46CF-8DDD-A0F08E70DF34}.Release|x86.Build.0 = Release|Win32
		{269F7BC4-4361-496E-AFDF-657C7A9AF376}.Debug|x64.ActiveCfg = Debug|x64
		{269F7BC4-4361-496E-AFDF-657C7A9AF376}.Debug|x64.Build.0 = Debug|x64
		{269F7BC4-4361-496E-AFDF-657C7A9AF376}.Debug|x86.ActiveCfg = Debug|Win32
		{269F7BC4-4361-496E-AFDF-657C7A9AF376}.Debug|x86.Build.0 = Debug|Win32
		{269F7BC4-4361-496E-AFDF-657C7A9AF376}.Release|x64.ActiveCfg = Release|x64
		{269F7BC4-4361-496E-AFDF-657C7A9AF376}.Release|x64.Build.0 = Release|x64
		{269F7BC4-4361-496E-AFDF-657C7A9AF376}.Release|x86.ActiveCfg = Release|Win32
		{269F7BC4-4361-496E-AFDF-657C7A9AF376}.Release|x86.Build.0 = Release|Win32
		{1AE81917-A907-4F41-8ECA-A2F97D04E97A}.Debug|x64.ActiveCfg = Debug|x64
		{1AE81917-A907-4F41-8ECA-A2F97D04E97A}.Debug|x64.Build.0 = Debug|x64
		{1AE81917-A907-4F41-8ECA-A2F97D04E97A}.Debug|x86.ActiveCfg = Debug|Win32
		{1AE81917-A907-4F41-8ECA-A2F97D04E97A}.Debug|x86.Build.0 = Debug|Win32
		{1AE81917-A907-4F41-8ECA-A2F97D04E97A}.Release|x64.ActiveCfg = Release|x64
		{1AE81917-A907-4F41-8ECA-A2F97D04E97A}.Release|x64.Build.0 = Release|x64
		{1AE81917-A907-4F41-8ECA-A2F97D04E97A}.Release|x86.ActiveCfg = Release|Win32
		{1AE81917-A907-4F41-8ECA-A2F97D04E97A}.Release|x86.Build.0 = Release|Win32
		{07A9E8AE-3250-4937-8BB3-0182A5B34650}.Debug|x64.ActiveCfg = Debug|x64
		{07A9E8AE-3250-4937-8BB3-0182A5B34650}.Debug|x64.Build.0 = Debug|x64
		{07A9E8AE-3250-4937-8BB3-0182A5B34650}.Debug|x86.ActiveCfg = Debug|Win32
		{07A9E8AE-3250-4937-8BB3-0182A5B34650}.Debug|x86.Build.0 = Debug|Win32
		{07A9E8AE-3250-4937-8BB3-0182A5B34650}.Release|x64.ActiveCfg = Release|x64
		{07A9E8AE-3250-4937-8BB3-0182A5B34650}.Release|x64.Build.0 = Release|x64
		{07A9E8AE-3250-4937-8BB3-0182A5B34650}.Release|x86.ActiveCfg = Release|Win32
		{07A9E8AE-3250-4937-8BB3-0182A5B34650}.Release|x86.Build.0 = Release|Win32
		{EE17ADC5-7F0B-4764-8FDC-F6FCF6D298BF}.Debug|x64.ActiveCfg = Debug|x64
		{EE17ADC5-7F0B-4764-8FDC-F6FCF6D298BF}.Debug|x64.Build.0 = Debug|x64
		{EE17ADC5-7F0B-4764-8FDC-F6FCF6D298BF}.Debug|x86.ActiveCfg = Debug|Win32
		{EE17ADC5-7F0B-4764-8FDC-F6FCF6D298BF}.Debug|x86.Build.0 = Debug|Win32
		{EE17ADC5-7F0B-4764-8FDC-F6FCF6D298BF}.Release|x64.ActiveCfg = Release|x64
		{EE17ADC5-7F0B-4764-8FDC-F6FCF6D298BF}.Release|x64.Build.0 = Release|x64
		{EE17ADC5-7F0B-4764-8FDC-F6FCF6D298BF}.Release|x86.ActiveCfg = Release|Win32
		{EE17ADC5-7F0B-4764-8FDC-F6FCF6D298BF}.Release|x86.Build.0 = Release|Win32
		{14A59B74-F72E-4816-B606-F4464AD764B6}.Debug|x64.ActiveCfg = Debug|x64
		{14A59B74-F72E-4816-B606-F4464AD764B6}.Debug|x64.Build.0 = Debug|x64
		{14A59B74-F72E-4816-B606-F4464AD764B6}.Debug|x86.ActiveCfg = Debug|Win32
		{14A59B74-F72E-4816-B606-F4464AD764B6}.Debug|x86.Build.0 = Debug|Win32
		{14A59B74-F72E-4816-B606-F4464AD764B6}.Release|x64.ActiveCfg = Release|x64
		{14A59B74-F72E-4816-B606-F4464AD764B6}.Release|x64.Build.0 = Release|x64
		{14A59B74-F72E-4816-B606-F4464AD764B6}.Release|x86.ActiveCfg = Release|Win32
		{14A59B74-F72E-4816-B606-F4464AD764B6}.Release|x86.Build.0 = Release|Win32
	EndGlobalSection
	GlobalSection(SolutionProperties) = preSolution
		HideSolutionNode = FALSE
	EndGlobalSection
	GlobalSection(ExtensibilityGlobals) = postSolution
		SolutionGuid = {C56C0C24-65C9-4314-BA75-706470836B85}
	EndGlobalSection
EndGlobal
